// !$*UTF8*$!
{
	archiveVersion = 1;
	classes = {
	};
	objectVersion = 48;
	objects = {

/* Begin PBXBuildFile section */
		6F36A3EF6491DB4901EF2D09 /* libPods-LCEiTimerDiaryUITests.a in Frameworks */ = {isa = PBXBuildFile; fileRef = 02E21BF16BC81CE234D71DA4 /* libPods-LCEiTimerDiaryUITests.a */; };
		C3598B3C1FC69BA200B0E524 /* LCEAuthManage.m in Sources */ = {isa = PBXBuildFile; fileRef = C3598B3B1FC69BA200B0E524 /* LCEAuthManage.m */; };
		C359C7651F7A41EB00D9D8BA /* LCENavigationController.m in Sources */ = {isa = PBXBuildFile; fileRef = C359C7641F7A41EB00D9D8BA /* LCENavigationController.m */; };
		C359C7681F7A43AF00D9D8BA /* LCEHomeViewController.m in Sources */ = {isa = PBXBuildFile; fileRef = C359C7671F7A43AF00D9D8BA /* LCEHomeViewController.m */; };
		C38505051F7A2EF30009B64B /* AppDelegate.m in Sources */ = {isa = PBXBuildFile; fileRef = C38505041F7A2EF30009B64B /* AppDelegate.m */; };
		C385050E1F7A2EF40009B64B /* LCEiTimerDiary.xcdatamodeld in Sources */ = {isa = PBXBuildFile; fileRef = C385050C1F7A2EF40009B64B /* LCEiTimerDiary.xcdatamodeld */; };
		C38505101F7A2EF40009B64B /* Assets.xcassets in Resources */ = {isa = PBXBuildFile; fileRef = C385050F1F7A2EF40009B64B /* Assets.xcassets */; };
		C38505161F7A2EF40009B64B /* main.m in Sources */ = {isa = PBXBuildFile; fileRef = C38505151F7A2EF40009B64B /* main.m */; };
		C38505201F7A2EF40009B64B /* LCEiTimerDiaryTests.m in Sources */ = {isa = PBXBuildFile; fileRef = C385051F1F7A2EF40009B64B /* LCEiTimerDiaryTests.m */; };
		C385052B1F7A2EF40009B64B /* LCEiTimerDiaryUITests.m in Sources */ = {isa = PBXBuildFile; fileRef = C385052A1F7A2EF40009B64B /* LCEiTimerDiaryUITests.m */; };
		C38505451F7A3A9C0009B64B /* LCEBaseViewController.m in Sources */ = {isa = PBXBuildFile; fileRef = C38505441F7A3A9C0009B64B /* LCEBaseViewController.m */; };
		C385058A1F7A3C1E0009B64B /* LCETabBarViewController.m in Sources */ = {isa = PBXBuildFile; fileRef = C38505891F7A3C1E0009B64B /* LCETabBarViewController.m */; };
		C38B1C6D1FA9ED85004FE401 /* LCEApplyViewController.m in Sources */ = {isa = PBXBuildFile; fileRef = C38B1C6C1FA9ED85004FE401 /* LCEApplyViewController.m */; };
		C38B1C771FAD8CD7004FE401 /* LCEBaseModel.m in Sources */ = {isa = PBXBuildFile; fileRef = C38B1C761FAD8CD7004FE401 /* LCEBaseModel.m */; };
		C38B1C801FAD8D6C004FE401 /* EXTRuntimeExtensions.m in Sources */ = {isa = PBXBuildFile; fileRef = C38B1C7C1FAD8D6C004FE401 /* EXTRuntimeExtensions.m */; };
		C38B1C811FAD8D6C004FE401 /* MTLManagedObjectAdapter.m in Sources */ = {isa = PBXBuildFile; fileRef = C38B1C7F1FAD8D6C004FE401 /* MTLManagedObjectAdapter.m */; };
		C38B1C921FAD8DA6004FE401 /* TAAbstractDotView.m in Sources */ = {isa = PBXBuildFile; fileRef = C38B1C851FAD8DA6004FE401 /* TAAbstractDotView.m */; };
		C38B1C931FAD8DA6004FE401 /* TAAnimatedDotView.m in Sources */ = {isa = PBXBuildFile; fileRef = C38B1C871FAD8DA6004FE401 /* TAAnimatedDotView.m */; };
		C38B1C941FAD8DA6004FE401 /* TADotView.m in Sources */ = {isa = PBXBuildFile; fileRef = C38B1C891FAD8DA6004FE401 /* TADotView.m */; };
		C38B1C951FAD8DA6004FE401 /* TAPageControl.m in Sources */ = {isa = PBXBuildFile; fileRef = C38B1C8B1FAD8DA6004FE401 /* TAPageControl.m */; };
		C38B1C961FAD8DA6004FE401 /* SDCollectionViewCell.m in Sources */ = {isa = PBXBuildFile; fileRef = C38B1C8D1FAD8DA6004FE401 /* SDCollectionViewCell.m */; };
		C38B1C971FAD8DA6004FE401 /* SDCycleScrollView.m in Sources */ = {isa = PBXBuildFile; fileRef = C38B1C8F1FAD8DA6004FE401 /* SDCycleScrollView.m */; };
		C38B1C981FAD8DA6004FE401 /* UIView+SDExtension.m in Sources */ = {isa = PBXBuildFile; fileRef = C38B1C911FAD8DA6004FE401 /* UIView+SDExtension.m */; };
		C38B1CBA1FAD8DC2004FE401 /* CALayer+FSExtension.m in Sources */ = {isa = PBXBuildFile; fileRef = C38B1C9B1FAD8DC1004FE401 /* CALayer+FSExtension.m */; };
		C38B1CBB1FAD8DC2004FE401 /* FSCalendar+DateTools.m in Sources */ = {isa = PBXBuildFile; fileRef = C38B1C9C1FAD8DC1004FE401 /* FSCalendar+DateTools.m */; };
		C38B1CBC1FAD8DC2004FE401 /* FSCalendar+Deprecated.m in Sources */ = {isa = PBXBuildFile; fileRef = C38B1C9D1FAD8DC1004FE401 /* FSCalendar+Deprecated.m */; };
		C38B1CBD1FAD8DC2004FE401 /* FSCalendar+IBExtension.m in Sources */ = {isa = PBXBuildFile; fileRef = C38B1C9F1FAD8DC1004FE401 /* FSCalendar+IBExtension.m */; };
		C38B1CBE1FAD8DC2004FE401 /* FSCalendar.m in Sources */ = {isa = PBXBuildFile; fileRef = C38B1CA11FAD8DC1004FE401 /* FSCalendar.m */; };
		C38B1CBF1FAD8DC2004FE401 /* FSCalendarAnimator.m in Sources */ = {isa = PBXBuildFile; fileRef = C38B1CA31FAD8DC1004FE401 /* FSCalendarAnimator.m */; };
		C38B1CC01FAD8DC2004FE401 /* FSCalendarAppearance.m in Sources */ = {isa = PBXBuildFile; fileRef = C38B1CA51FAD8DC1004FE401 /* FSCalendarAppearance.m */; };
		C38B1CC11FAD8DC2004FE401 /* FSCalendarCell.m in Sources */ = {isa = PBXBuildFile; fileRef = C38B1CA71FAD8DC1004FE401 /* FSCalendarCell.m */; };
		C38B1CC21FAD8DC2004FE401 /* FSCalendarCollectionView.m in Sources */ = {isa = PBXBuildFile; fileRef = C38B1CA91FAD8DC1004FE401 /* FSCalendarCollectionView.m */; };
		C38B1CC31FAD8DC2004FE401 /* FSCalendarConstance.m in Sources */ = {isa = PBXBuildFile; fileRef = C38B1CAB1FAD8DC1004FE401 /* FSCalendarConstance.m */; };
		C38B1CC41FAD8DC2004FE401 /* FSCalendarEventIndicator.m in Sources */ = {isa = PBXBuildFile; fileRef = C38B1CAE1FAD8DC1004FE401 /* FSCalendarEventIndicator.m */; };
		C38B1CC51FAD8DC2004FE401 /* FSCalendarFlowLayout.m in Sources */ = {isa = PBXBuildFile; fileRef = C38B1CB01FAD8DC1004FE401 /* FSCalendarFlowLayout.m */; };
		C38B1CC61FAD8DC2004FE401 /* FSCalendarHeader.m in Sources */ = {isa = PBXBuildFile; fileRef = C38B1CB21FAD8DC1004FE401 /* FSCalendarHeader.m */; };
		C38B1CC81FAD8DC2004FE401 /* FSCalendarStickyHeader.m in Sources */ = {isa = PBXBuildFile; fileRef = C38B1CB61FAD8DC1004FE401 /* FSCalendarStickyHeader.m */; };
		C38B1CC91FAD8DC2004FE401 /* Info.plist in Resources */ = {isa = PBXBuildFile; fileRef = C38B1CB71FAD8DC1004FE401 /* Info.plist */; };
		C38B1CCA1FAD8DC2004FE401 /* UIView+FSExtension.m in Sources */ = {isa = PBXBuildFile; fileRef = C38B1CB91FAD8DC1004FE401 /* UIView+FSExtension.m */; };
		C38B1CCF1FAD936A004FE401 /* LCEBaseRequest.m in Sources */ = {isa = PBXBuildFile; fileRef = C38B1CCC1FAD9369004FE401 /* LCEBaseRequest.m */; };
		C38B1CD01FAD936A004FE401 /* LCEBaseRequestAccessory.m in Sources */ = {isa = PBXBuildFile; fileRef = C38B1CCE1FAD9369004FE401 /* LCEBaseRequestAccessory.m */; };
		C38B1CD41FAD93D2004FE401 /* KNBMainConfigModel.m in Sources */ = {isa = PBXBuildFile; fileRef = C38B1CD31FAD93D2004FE401 /* KNBMainConfigModel.m */; };
		C38B1CD81FAD9427004FE401 /* LCEUserInfo.m in Sources */ = {isa = PBXBuildFile; fileRef = C38B1CD71FAD9427004FE401 /* LCEUserInfo.m */; };
		C38B1CD91FAE0745004FE401 /* FSCalendarScopeHandle.m in Sources */ = {isa = PBXBuildFile; fileRef = C38B1CB41FAD8DC1004FE401 /* FSCalendarScopeHandle.m */; };
		C3DA4FDC1FB05DB1007F9411 /* LCEApply.plist in Resources */ = {isa = PBXBuildFile; fileRef = C3DA4FDB1FB05DB1007F9411 /* LCEApply.plist */; };
		C3DA4FDF1FB060B9007F9411 /* LCESecrecyViewController.m in Sources */ = {isa = PBXBuildFile; fileRef = C3DA4FDE1FB060B9007F9411 /* LCESecrecyViewController.m */; };
		C3DA4FE41FB14421007F9411 /* LCEApplyCollectionViewCell.m in Sources */ = {isa = PBXBuildFile; fileRef = C3DA4FE21FB14421007F9411 /* LCEApplyCollectionViewCell.m */; };
		C3DA4FE51FB14421007F9411 /* LCEApplyCollectionViewCell.xib in Resources */ = {isa = PBXBuildFile; fileRef = C3DA4FE31FB14421007F9411 /* LCEApplyCollectionViewCell.xib */; };
		C3E1EC2F1FA80F69008E3E10 /* LCEMeViewController.m in Sources */ = {isa = PBXBuildFile; fileRef = C3E1EC2E1FA80F69008E3E10 /* LCEMeViewController.m */; };
		C3E1EC311FA81286008E3E10 /* CoreGraphics.framework in Frameworks */ = {isa = PBXBuildFile; fileRef = C3E1EC301FA81286008E3E10 /* CoreGraphics.framework */; };
		C3E1EC331FA81447008E3E10 /* NotificationCenter.framework in Frameworks */ = {isa = PBXBuildFile; fileRef = C3E1EC321FA81447008E3E10 /* NotificationCenter.framework */; };
		C3E1EC361FA85FB5008E3E10 /* UIColor+Hex.m in Sources */ = {isa = PBXBuildFile; fileRef = C3E1EC351FA85FB4008E3E10 /* UIColor+Hex.m */; };
		C3E1EC391FA86AB8008E3E10 /* LCEMeSettingViewController.m in Sources */ = {isa = PBXBuildFile; fileRef = C3E1EC381FA86AB8008E3E10 /* LCEMeSettingViewController.m */; };
		C3E1EC411FA95AA3008E3E10 /* LCEMeSettingTableViewCell.m in Sources */ = {isa = PBXBuildFile; fileRef = C3E1EC3F1FA95AA3008E3E10 /* LCEMeSettingTableViewCell.m */; };
		C3E1EC421FA95AA3008E3E10 /* LCEMeSettingTableViewCell.xib in Resources */ = {isa = PBXBuildFile; fileRef = C3E1EC401FA95AA3008E3E10 /* LCEMeSettingTableViewCell.xib */; };
		D026B2FC07BE8560DFA846DD /* libPods-LCEiTimerDiaryTests.a in Frameworks */ = {isa = PBXBuildFile; fileRef = D1B13E293AA71984EF9A2723 /* libPods-LCEiTimerDiaryTests.a */; };
		EC5DBABECEE6870FAE98B44B /* libPods-LCEiTimerDiary.a in Frameworks */ = {isa = PBXBuildFile; fileRef = D630C70F8B47E6B3E19F9854 /* libPods-LCEiTimerDiary.a */; };
/* End PBXBuildFile section */

/* Begin PBXContainerItemProxy section */
		C385051C1F7A2EF40009B64B /* PBXContainerItemProxy */ = {
			isa = PBXContainerItemProxy;
			containerPortal = C38504F81F7A2EF30009B64B /* Project object */;
			proxyType = 1;
			remoteGlobalIDString = C38504FF1F7A2EF30009B64B;
			remoteInfo = LCEiTimerDiary;
		};
		C38505271F7A2EF40009B64B /* PBXContainerItemProxy */ = {
			isa = PBXContainerItemProxy;
			containerPortal = C38504F81F7A2EF30009B64B /* Project object */;
			proxyType = 1;
			remoteGlobalIDString = C38504FF1F7A2EF30009B64B;
			remoteInfo = LCEiTimerDiary;
		};
/* End PBXContainerItemProxy section */

/* Begin PBXFileReference section */
		02E21BF16BC81CE234D71DA4 /* libPods-LCEiTimerDiaryUITests.a */ = {isa = PBXFileReference; explicitFileType = archive.ar; includeInIndex = 0; path = "libPods-LCEiTimerDiaryUITests.a"; sourceTree = BUILT_PRODUCTS_DIR; };
		04CFB8F3E0ED7EB47F42DEC1 /* Pods-LCEiTimerDiary.debug.xcconfig */ = {isa = PBXFileReference; includeInIndex = 1; lastKnownFileType = text.xcconfig; name = "Pods-LCEiTimerDiary.debug.xcconfig"; path = "Pods/Target Support Files/Pods-LCEiTimerDiary/Pods-LCEiTimerDiary.debug.xcconfig"; sourceTree = "<group>"; };
		7D369D73D99D3DC31D42E31D /* Pods-LCEiTimerDiaryUITests.release.xcconfig */ = {isa = PBXFileReference; includeInIndex = 1; lastKnownFileType = text.xcconfig; name = "Pods-LCEiTimerDiaryUITests.release.xcconfig"; path = "Pods/Target Support Files/Pods-LCEiTimerDiaryUITests/Pods-LCEiTimerDiaryUITests.release.xcconfig"; sourceTree = "<group>"; };
		92E220514BD85F9D4DF34FC7 /* Pods-LCEiTimerDiary.release.xcconfig */ = {isa = PBXFileReference; includeInIndex = 1; lastKnownFileType = text.xcconfig; name = "Pods-LCEiTimerDiary.release.xcconfig"; path = "Pods/Target Support Files/Pods-LCEiTimerDiary/Pods-LCEiTimerDiary.release.xcconfig"; sourceTree = "<group>"; };
		AC943744FD5A3449E02CABCA /* Pods-LCEiTimerDiaryTests.debug.xcconfig */ = {isa = PBXFileReference; includeInIndex = 1; lastKnownFileType = text.xcconfig; name = "Pods-LCEiTimerDiaryTests.debug.xcconfig"; path = "Pods/Target Support Files/Pods-LCEiTimerDiaryTests/Pods-LCEiTimerDiaryTests.debug.xcconfig"; sourceTree = "<group>"; };
		AF97D9A4D51F18AB1E269BEE /* Pods-LCEiTimerDiaryUITests.debug.xcconfig */ = {isa = PBXFileReference; includeInIndex = 1; lastKnownFileType = text.xcconfig; name = "Pods-LCEiTimerDiaryUITests.debug.xcconfig"; path = "Pods/Target Support Files/Pods-LCEiTimerDiaryUITests/Pods-LCEiTimerDiaryUITests.debug.xcconfig"; sourceTree = "<group>"; };
		C2350190583B73368512AA99 /* Pods-LCEiTimerDiaryTests.release.xcconfig */ = {isa = PBXFileReference; includeInIndex = 1; lastKnownFileType = text.xcconfig; name = "Pods-LCEiTimerDiaryTests.release.xcconfig"; path = "Pods/Target Support Files/Pods-LCEiTimerDiaryTests/Pods-LCEiTimerDiaryTests.release.xcconfig"; sourceTree = "<group>"; };
		C3598B3A1FC69BA200B0E524 /* LCEAuthManage.h */ = {isa = PBXFileReference; lastKnownFileType = sourcecode.c.h; path = LCEAuthManage.h; sourceTree = "<group>"; };
		C3598B3B1FC69BA200B0E524 /* LCEAuthManage.m */ = {isa = PBXFileReference; lastKnownFileType = sourcecode.c.objc; path = LCEAuthManage.m; sourceTree = "<group>"; };
		C359C7631F7A41EB00D9D8BA /* LCENavigationController.h */ = {isa = PBXFileReference; lastKnownFileType = sourcecode.c.h; path = LCENavigationController.h; sourceTree = "<group>"; };
		C359C7641F7A41EB00D9D8BA /* LCENavigationController.m */ = {isa = PBXFileReference; lastKnownFileType = sourcecode.c.objc; path = LCENavigationController.m; sourceTree = "<group>"; };
		C359C7661F7A43AF00D9D8BA /* LCEHomeViewController.h */ = {isa = PBXFileReference; lastKnownFileType = sourcecode.c.h; path = LCEHomeViewController.h; sourceTree = "<group>"; };
		C359C7671F7A43AF00D9D8BA /* LCEHomeViewController.m */ = {isa = PBXFileReference; lastKnownFileType = sourcecode.c.objc; path = LCEHomeViewController.m; sourceTree = "<group>"; };
		C38505001F7A2EF30009B64B /* LCEiTimerDiary.app */ = {isa = PBXFileReference; explicitFileType = wrapper.application; includeInIndex = 0; path = LCEiTimerDiary.app; sourceTree = BUILT_PRODUCTS_DIR; };
		C38505031F7A2EF30009B64B /* AppDelegate.h */ = {isa = PBXFileReference; lastKnownFileType = sourcecode.c.h; path = AppDelegate.h; sourceTree = "<group>"; };
		C38505041F7A2EF30009B64B /* AppDelegate.m */ = {isa = PBXFileReference; lastKnownFileType = sourcecode.c.objc; path = AppDelegate.m; sourceTree = "<group>"; };
		C385050D1F7A2EF40009B64B /* LCEiTimerDiary.xcdatamodel */ = {isa = PBXFileReference; lastKnownFileType = wrapper.xcdatamodel; path = LCEiTimerDiary.xcdatamodel; sourceTree = "<group>"; };
		C385050F1F7A2EF40009B64B /* Assets.xcassets */ = {isa = PBXFileReference; lastKnownFileType = folder.assetcatalog; path = Assets.xcassets; sourceTree = "<group>"; };
		C38505141F7A2EF40009B64B /* Info.plist */ = {isa = PBXFileReference; lastKnownFileType = text.plist.xml; path = Info.plist; sourceTree = "<group>"; };
		C38505151F7A2EF40009B64B /* main.m */ = {isa = PBXFileReference; lastKnownFileType = sourcecode.c.objc; path = main.m; sourceTree = "<group>"; };
		C385051B1F7A2EF40009B64B /* LCEiTimerDiaryTests.xctest */ = {isa = PBXFileReference; explicitFileType = wrapper.cfbundle; includeInIndex = 0; path = LCEiTimerDiaryTests.xctest; sourceTree = BUILT_PRODUCTS_DIR; };
		C385051F1F7A2EF40009B64B /* LCEiTimerDiaryTests.m */ = {isa = PBXFileReference; lastKnownFileType = sourcecode.c.objc; path = LCEiTimerDiaryTests.m; sourceTree = "<group>"; };
		C38505211F7A2EF40009B64B /* Info.plist */ = {isa = PBXFileReference; lastKnownFileType = text.plist.xml; path = Info.plist; sourceTree = "<group>"; };
		C38505261F7A2EF40009B64B /* LCEiTimerDiaryUITests.xctest */ = {isa = PBXFileReference; explicitFileType = wrapper.cfbundle; includeInIndex = 0; path = LCEiTimerDiaryUITests.xctest; sourceTree = BUILT_PRODUCTS_DIR; };
		C385052A1F7A2EF40009B64B /* LCEiTimerDiaryUITests.m */ = {isa = PBXFileReference; lastKnownFileType = sourcecode.c.objc; path = LCEiTimerDiaryUITests.m; sourceTree = "<group>"; };
		C385052C1F7A2EF40009B64B /* Info.plist */ = {isa = PBXFileReference; lastKnownFileType = text.plist.xml; path = Info.plist; sourceTree = "<group>"; };
		C38505431F7A3A9C0009B64B /* LCEBaseViewController.h */ = {isa = PBXFileReference; lastKnownFileType = sourcecode.c.h; path = LCEBaseViewController.h; sourceTree = "<group>"; };
		C38505441F7A3A9C0009B64B /* LCEBaseViewController.m */ = {isa = PBXFileReference; lastKnownFileType = sourcecode.c.objc; path = LCEBaseViewController.m; sourceTree = "<group>"; };
		C38505471F7A3AE20009B64B /* NSURL+Video.h */ = {isa = PBXFileReference; lastKnownFileType = sourcecode.c.h; path = "NSURL+Video.h"; sourceTree = "<group>"; };
		C38505481F7A3AE20009B64B /* NSURL+Video.m */ = {isa = PBXFileReference; lastKnownFileType = sourcecode.c.objc; path = "NSURL+Video.m"; sourceTree = "<group>"; };
		C385054A1F7A3AE20009B64B /* UIImageView+Addition.h */ = {isa = PBXFileReference; lastKnownFileType = sourcecode.c.h; path = "UIImageView+Addition.h"; sourceTree = "<group>"; };
		C385054B1F7A3AE20009B64B /* UIImageView+Addition.m */ = {isa = PBXFileReference; lastKnownFileType = sourcecode.c.objc; path = "UIImageView+Addition.m"; sourceTree = "<group>"; };
		C385054C1F7A3AE20009B64B /* UIImageView+FaceAwareFill.h */ = {isa = PBXFileReference; lastKnownFileType = sourcecode.c.h; path = "UIImageView+FaceAwareFill.h"; sourceTree = "<group>"; };
		C385054D1F7A3AE20009B64B /* UIImageView+FaceAwareFill.m */ = {isa = PBXFileReference; lastKnownFileType = sourcecode.c.objc; path = "UIImageView+FaceAwareFill.m"; sourceTree = "<group>"; };
		C385054F1F7A3AE30009B64B /* UIButton+ArrayButton.h */ = {isa = PBXFileReference; lastKnownFileType = sourcecode.c.h; path = "UIButton+ArrayButton.h"; sourceTree = "<group>"; };
		C38505501F7A3AE30009B64B /* UIButton+ArrayButton.m */ = {isa = PBXFileReference; lastKnownFileType = sourcecode.c.objc; path = "UIButton+ArrayButton.m"; sourceTree = "<group>"; };
		C38505511F7A3AE30009B64B /* UIButton+CountDown.h */ = {isa = PBXFileReference; lastKnownFileType = sourcecode.c.h; path = "UIButton+CountDown.h"; sourceTree = "<group>"; };
		C38505521F7A3AE30009B64B /* UIButton+CountDown.m */ = {isa = PBXFileReference; lastKnownFileType = sourcecode.c.objc; path = "UIButton+CountDown.m"; sourceTree = "<group>"; };
		C38505531F7A3AE30009B64B /* UIButton+EnlargeArea.h */ = {isa = PBXFileReference; lastKnownFileType = sourcecode.c.h; path = "UIButton+EnlargeArea.h"; sourceTree = "<group>"; };
		C38505541F7A3AE30009B64B /* UIButton+EnlargeArea.m */ = {isa = PBXFileReference; lastKnownFileType = sourcecode.c.objc; path = "UIButton+EnlargeArea.m"; sourceTree = "<group>"; };
		C38505551F7A3AE30009B64B /* UIButton+ImageAndTitle.h */ = {isa = PBXFileReference; lastKnownFileType = sourcecode.c.h; path = "UIButton+ImageAndTitle.h"; sourceTree = "<group>"; };
		C38505561F7A3AE30009B64B /* UIButton+ImageAndTitle.m */ = {isa = PBXFileReference; lastKnownFileType = sourcecode.c.objc; path = "UIButton+ImageAndTitle.m"; sourceTree = "<group>"; };
		C38505571F7A3AE30009B64B /* UIButton+Indicator.h */ = {isa = PBXFileReference; lastKnownFileType = sourcecode.c.h; path = "UIButton+Indicator.h"; sourceTree = "<group>"; };
		C38505581F7A3AE30009B64B /* UIButton+Indicator.m */ = {isa = PBXFileReference; lastKnownFileType = sourcecode.c.objc; path = "UIButton+Indicator.m"; sourceTree = "<group>"; };
		C385055A1F7A3AE40009B64B /* UILabel+AutoSize.h */ = {isa = PBXFileReference; lastKnownFileType = sourcecode.c.h; path = "UILabel+AutoSize.h"; sourceTree = "<group>"; };
		C385055B1F7A3AE40009B64B /* UILabel+AutoSize.m */ = {isa = PBXFileReference; lastKnownFileType = sourcecode.c.objc; path = "UILabel+AutoSize.m"; sourceTree = "<group>"; };
		C38505601F7A3AE50009B64B /* UIImage+Alpha.h */ = {isa = PBXFileReference; lastKnownFileType = sourcecode.c.h; path = "UIImage+Alpha.h"; sourceTree = "<group>"; };
		C38505611F7A3AE50009B64B /* UIImage+Alpha.m */ = {isa = PBXFileReference; lastKnownFileType = sourcecode.c.objc; path = "UIImage+Alpha.m"; sourceTree = "<group>"; };
		C38505621F7A3AE50009B64B /* UIImage+QRCode.h */ = {isa = PBXFileReference; lastKnownFileType = sourcecode.c.h; path = "UIImage+QRCode.h"; sourceTree = "<group>"; };
		C38505631F7A3AE50009B64B /* UIImage+QRCode.m */ = {isa = PBXFileReference; lastKnownFileType = sourcecode.c.objc; path = "UIImage+QRCode.m"; sourceTree = "<group>"; };
		C38505641F7A3AE50009B64B /* UIImage+Resize.h */ = {isa = PBXFileReference; lastKnownFileType = sourcecode.c.h; path = "UIImage+Resize.h"; sourceTree = "<group>"; };
		C38505651F7A3AE50009B64B /* UIImage+Resize.m */ = {isa = PBXFileReference; lastKnownFileType = sourcecode.c.objc; path = "UIImage+Resize.m"; sourceTree = "<group>"; };
		C38505661F7A3AE50009B64B /* UIImage+RoundedCorner.h */ = {isa = PBXFileReference; lastKnownFileType = sourcecode.c.h; path = "UIImage+RoundedCorner.h"; sourceTree = "<group>"; };
		C38505671F7A3AE50009B64B /* UIImage+RoundedCorner.m */ = {isa = PBXFileReference; lastKnownFileType = sourcecode.c.objc; path = "UIImage+RoundedCorner.m"; sourceTree = "<group>"; };
		C38505681F7A3AE50009B64B /* UIImage+VideoPreview.h */ = {isa = PBXFileReference; lastKnownFileType = sourcecode.c.h; path = "UIImage+VideoPreview.h"; sourceTree = "<group>"; };
		C38505691F7A3AE50009B64B /* UIImage+VideoPreview.m */ = {isa = PBXFileReference; lastKnownFileType = sourcecode.c.objc; path = "UIImage+VideoPreview.m"; sourceTree = "<group>"; };
		C385056A1F7A3AE50009B64B /* UIImage+WaterMark.h */ = {isa = PBXFileReference; lastKnownFileType = sourcecode.c.h; path = "UIImage+WaterMark.h"; sourceTree = "<group>"; };
		C385056B1F7A3AE50009B64B /* UIImage+WaterMark.m */ = {isa = PBXFileReference; lastKnownFileType = sourcecode.c.objc; path = "UIImage+WaterMark.m"; sourceTree = "<group>"; };
		C385056D1F7A3AE60009B64B /* NSDate+BTAddition.h */ = {isa = PBXFileReference; lastKnownFileType = sourcecode.c.h; path = "NSDate+BTAddition.h"; sourceTree = "<group>"; };
		C385056E1F7A3AE60009B64B /* NSDate+BTAddition.m */ = {isa = PBXFileReference; lastKnownFileType = sourcecode.c.objc; path = "NSDate+BTAddition.m"; sourceTree = "<group>"; };
		C38505701F7A3AE60009B64B /* UITextField+Shake.h */ = {isa = PBXFileReference; lastKnownFileType = sourcecode.c.h; path = "UITextField+Shake.h"; sourceTree = "<group>"; };
		C38505711F7A3AE60009B64B /* UITextField+Shake.m */ = {isa = PBXFileReference; lastKnownFileType = sourcecode.c.objc; path = "UITextField+Shake.m"; sourceTree = "<group>"; };
		C38505731F7A3AE60009B64B /* UIView+Frame.h */ = {isa = PBXFileReference; lastKnownFileType = sourcecode.c.h; path = "UIView+Frame.h"; sourceTree = "<group>"; };
		C38505741F7A3AE60009B64B /* UIView+Frame.m */ = {isa = PBXFileReference; lastKnownFileType = sourcecode.c.objc; path = "UIView+Frame.m"; sourceTree = "<group>"; };
		C38505761F7A3AE60009B64B /* UINavigationController+StackManager.h */ = {isa = PBXFileReference; lastKnownFileType = sourcecode.c.h; path = "UINavigationController+StackManager.h"; sourceTree = "<group>"; };
		C38505771F7A3AE60009B64B /* UINavigationController+StackManager.m */ = {isa = PBXFileReference; lastKnownFileType = sourcecode.c.objc; path = "UINavigationController+StackManager.m"; sourceTree = "<group>"; };
		C38505791F7A3AE70009B64B /* NSTimer+EOCBlocksSupport.h */ = {isa = PBXFileReference; lastKnownFileType = sourcecode.c.h; path = "NSTimer+EOCBlocksSupport.h"; sourceTree = "<group>"; };
		C385057A1F7A3AE70009B64B /* NSTimer+EOCBlocksSupport.m */ = {isa = PBXFileReference; lastKnownFileType = sourcecode.c.objc; path = "NSTimer+EOCBlocksSupport.m"; sourceTree = "<group>"; };
		C385057C1F7A3AE70009B64B /* GTMNSString+HTML.h */ = {isa = PBXFileReference; lastKnownFileType = sourcecode.c.h; path = "GTMNSString+HTML.h"; sourceTree = "<group>"; };
		C385057D1F7A3AE70009B64B /* GTMNSString+HTML.m */ = {isa = PBXFileReference; lastKnownFileType = sourcecode.c.objc; path = "GTMNSString+HTML.m"; sourceTree = "<group>"; };
		C385057E1F7A3AE70009B64B /* NSString+Contain.h */ = {isa = PBXFileReference; lastKnownFileType = sourcecode.c.h; path = "NSString+Contain.h"; sourceTree = "<group>"; };
		C385057F1F7A3AE70009B64B /* NSString+Contain.m */ = {isa = PBXFileReference; lastKnownFileType = sourcecode.c.objc; path = "NSString+Contain.m"; sourceTree = "<group>"; };
		C38505801F7A3AE70009B64B /* NSString+HTML.h */ = {isa = PBXFileReference; lastKnownFileType = sourcecode.c.h; path = "NSString+HTML.h"; sourceTree = "<group>"; };
		C38505811F7A3AE70009B64B /* NSString+HTML.m */ = {isa = PBXFileReference; lastKnownFileType = sourcecode.c.objc; path = "NSString+HTML.m"; sourceTree = "<group>"; };
		C38505821F7A3AE70009B64B /* NSString+MD5.h */ = {isa = PBXFileReference; lastKnownFileType = sourcecode.c.h; path = "NSString+MD5.h"; sourceTree = "<group>"; };
		C38505831F7A3AE70009B64B /* NSString+MD5.m */ = {isa = PBXFileReference; lastKnownFileType = sourcecode.c.objc; path = "NSString+MD5.m"; sourceTree = "<group>"; };
		C38505841F7A3AE70009B64B /* NSString+Size.h */ = {isa = PBXFileReference; lastKnownFileType = sourcecode.c.h; path = "NSString+Size.h"; sourceTree = "<group>"; };
		C38505851F7A3AE70009B64B /* NSString+Size.m */ = {isa = PBXFileReference; lastKnownFileType = sourcecode.c.objc; path = "NSString+Size.m"; sourceTree = "<group>"; };
		C38505861F7A3AE70009B64B /* NSString+Trim.h */ = {isa = PBXFileReference; lastKnownFileType = sourcecode.c.h; path = "NSString+Trim.h"; sourceTree = "<group>"; };
		C38505871F7A3AE70009B64B /* NSString+Trim.m */ = {isa = PBXFileReference; lastKnownFileType = sourcecode.c.objc; path = "NSString+Trim.m"; sourceTree = "<group>"; };
		C38505881F7A3C1E0009B64B /* LCETabBarViewController.h */ = {isa = PBXFileReference; lastKnownFileType = sourcecode.c.h; path = LCETabBarViewController.h; sourceTree = "<group>"; };
		C38505891F7A3C1E0009B64B /* LCETabBarViewController.m */ = {isa = PBXFileReference; lastKnownFileType = sourcecode.c.objc; path = LCETabBarViewController.m; sourceTree = "<group>"; };
		C38B1C6B1FA9ED85004FE401 /* LCEApplyViewController.h */ = {isa = PBXFileReference; lastKnownFileType = sourcecode.c.h; path = LCEApplyViewController.h; sourceTree = "<group>"; };
		C38B1C6C1FA9ED85004FE401 /* LCEApplyViewController.m */ = {isa = PBXFileReference; lastKnownFileType = sourcecode.c.objc; path = LCEApplyViewController.m; sourceTree = "<group>"; };
		C38B1C751FAD8CD7004FE401 /* LCEBaseModel.h */ = {isa = PBXFileReference; lastKnownFileType = sourcecode.c.h; path = LCEBaseModel.h; sourceTree = "<group>"; };
		C38B1C761FAD8CD7004FE401 /* LCEBaseModel.m */ = {isa = PBXFileReference; lastKnownFileType = sourcecode.c.objc; path = LCEBaseModel.m; sourceTree = "<group>"; };
		C38B1C7A1FAD8D6C004FE401 /* EXTKeyPathCoding.h */ = {isa = PBXFileReference; fileEncoding = 4; lastKnownFileType = sourcecode.c.h; path = EXTKeyPathCoding.h; sourceTree = "<group>"; };
		C38B1C7B1FAD8D6C004FE401 /* EXTRuntimeExtensions.h */ = {isa = PBXFileReference; fileEncoding = 4; lastKnownFileType = sourcecode.c.h; path = EXTRuntimeExtensions.h; sourceTree = "<group>"; };
		C38B1C7C1FAD8D6C004FE401 /* EXTRuntimeExtensions.m */ = {isa = PBXFileReference; fileEncoding = 4; lastKnownFileType = sourcecode.c.objc; path = EXTRuntimeExtensions.m; sourceTree = "<group>"; };
		C38B1C7D1FAD8D6C004FE401 /* metamacros.h */ = {isa = PBXFileReference; fileEncoding = 4; lastKnownFileType = sourcecode.c.h; path = metamacros.h; sourceTree = "<group>"; };
		C38B1C7E1FAD8D6C004FE401 /* MTLManagedObjectAdapter.h */ = {isa = PBXFileReference; fileEncoding = 4; lastKnownFileType = sourcecode.c.h; path = MTLManagedObjectAdapter.h; sourceTree = "<group>"; };
		C38B1C7F1FAD8D6C004FE401 /* MTLManagedObjectAdapter.m */ = {isa = PBXFileReference; fileEncoding = 4; lastKnownFileType = sourcecode.c.objc; path = MTLManagedObjectAdapter.m; sourceTree = "<group>"; };
		C38B1C841FAD8DA6004FE401 /* TAAbstractDotView.h */ = {isa = PBXFileReference; fileEncoding = 4; lastKnownFileType = sourcecode.c.h; path = TAAbstractDotView.h; sourceTree = "<group>"; };
		C38B1C851FAD8DA6004FE401 /* TAAbstractDotView.m */ = {isa = PBXFileReference; fileEncoding = 4; lastKnownFileType = sourcecode.c.objc; path = TAAbstractDotView.m; sourceTree = "<group>"; };
		C38B1C861FAD8DA6004FE401 /* TAAnimatedDotView.h */ = {isa = PBXFileReference; fileEncoding = 4; lastKnownFileType = sourcecode.c.h; path = TAAnimatedDotView.h; sourceTree = "<group>"; };
		C38B1C871FAD8DA6004FE401 /* TAAnimatedDotView.m */ = {isa = PBXFileReference; fileEncoding = 4; lastKnownFileType = sourcecode.c.objc; path = TAAnimatedDotView.m; sourceTree = "<group>"; };
		C38B1C881FAD8DA6004FE401 /* TADotView.h */ = {isa = PBXFileReference; fileEncoding = 4; lastKnownFileType = sourcecode.c.h; path = TADotView.h; sourceTree = "<group>"; };
		C38B1C891FAD8DA6004FE401 /* TADotView.m */ = {isa = PBXFileReference; fileEncoding = 4; lastKnownFileType = sourcecode.c.objc; path = TADotView.m; sourceTree = "<group>"; };
		C38B1C8A1FAD8DA6004FE401 /* TAPageControl.h */ = {isa = PBXFileReference; fileEncoding = 4; lastKnownFileType = sourcecode.c.h; path = TAPageControl.h; sourceTree = "<group>"; };
		C38B1C8B1FAD8DA6004FE401 /* TAPageControl.m */ = {isa = PBXFileReference; fileEncoding = 4; lastKnownFileType = sourcecode.c.objc; path = TAPageControl.m; sourceTree = "<group>"; };
		C38B1C8C1FAD8DA6004FE401 /* SDCollectionViewCell.h */ = {isa = PBXFileReference; fileEncoding = 4; lastKnownFileType = sourcecode.c.h; path = SDCollectionViewCell.h; sourceTree = "<group>"; };
		C38B1C8D1FAD8DA6004FE401 /* SDCollectionViewCell.m */ = {isa = PBXFileReference; fileEncoding = 4; lastKnownFileType = sourcecode.c.objc; path = SDCollectionViewCell.m; sourceTree = "<group>"; };
		C38B1C8E1FAD8DA6004FE401 /* SDCycleScrollView.h */ = {isa = PBXFileReference; fileEncoding = 4; lastKnownFileType = sourcecode.c.h; path = SDCycleScrollView.h; sourceTree = "<group>"; };
		C38B1C8F1FAD8DA6004FE401 /* SDCycleScrollView.m */ = {isa = PBXFileReference; fileEncoding = 4; lastKnownFileType = sourcecode.c.objc; path = SDCycleScrollView.m; sourceTree = "<group>"; };
		C38B1C901FAD8DA6004FE401 /* UIView+SDExtension.h */ = {isa = PBXFileReference; fileEncoding = 4; lastKnownFileType = sourcecode.c.h; path = "UIView+SDExtension.h"; sourceTree = "<group>"; };
		C38B1C911FAD8DA6004FE401 /* UIView+SDExtension.m */ = {isa = PBXFileReference; fileEncoding = 4; lastKnownFileType = sourcecode.c.objc; path = "UIView+SDExtension.m"; sourceTree = "<group>"; };
		C38B1C9A1FAD8DC1004FE401 /* CALayer+FSExtension.h */ = {isa = PBXFileReference; fileEncoding = 4; lastKnownFileType = sourcecode.c.h; path = "CALayer+FSExtension.h"; sourceTree = "<group>"; };
		C38B1C9B1FAD8DC1004FE401 /* CALayer+FSExtension.m */ = {isa = PBXFileReference; fileEncoding = 4; lastKnownFileType = sourcecode.c.objc; path = "CALayer+FSExtension.m"; sourceTree = "<group>"; };
		C38B1C9C1FAD8DC1004FE401 /* FSCalendar+DateTools.m */ = {isa = PBXFileReference; fileEncoding = 4; lastKnownFileType = sourcecode.c.objc; path = "FSCalendar+DateTools.m"; sourceTree = "<group>"; };
		C38B1C9D1FAD8DC1004FE401 /* FSCalendar+Deprecated.m */ = {isa = PBXFileReference; fileEncoding = 4; lastKnownFileType = sourcecode.c.objc; path = "FSCalendar+Deprecated.m"; sourceTree = "<group>"; };
		C38B1C9E1FAD8DC1004FE401 /* FSCalendar+IBExtension.h */ = {isa = PBXFileReference; fileEncoding = 4; lastKnownFileType = sourcecode.c.h; path = "FSCalendar+IBExtension.h"; sourceTree = "<group>"; };
		C38B1C9F1FAD8DC1004FE401 /* FSCalendar+IBExtension.m */ = {isa = PBXFileReference; fileEncoding = 4; lastKnownFileType = sourcecode.c.objc; path = "FSCalendar+IBExtension.m"; sourceTree = "<group>"; };
		C38B1CA01FAD8DC1004FE401 /* FSCalendar.h */ = {isa = PBXFileReference; fileEncoding = 4; lastKnownFileType = sourcecode.c.h; path = FSCalendar.h; sourceTree = "<group>"; };
		C38B1CA11FAD8DC1004FE401 /* FSCalendar.m */ = {isa = PBXFileReference; fileEncoding = 4; lastKnownFileType = sourcecode.c.objc; path = FSCalendar.m; sourceTree = "<group>"; };
		C38B1CA21FAD8DC1004FE401 /* FSCalendarAnimator.h */ = {isa = PBXFileReference; fileEncoding = 4; lastKnownFileType = sourcecode.c.h; path = FSCalendarAnimator.h; sourceTree = "<group>"; };
		C38B1CA31FAD8DC1004FE401 /* FSCalendarAnimator.m */ = {isa = PBXFileReference; fileEncoding = 4; lastKnownFileType = sourcecode.c.objc; path = FSCalendarAnimator.m; sourceTree = "<group>"; };
		C38B1CA41FAD8DC1004FE401 /* FSCalendarAppearance.h */ = {isa = PBXFileReference; fileEncoding = 4; lastKnownFileType = sourcecode.c.h; path = FSCalendarAppearance.h; sourceTree = "<group>"; };
		C38B1CA51FAD8DC1004FE401 /* FSCalendarAppearance.m */ = {isa = PBXFileReference; fileEncoding = 4; lastKnownFileType = sourcecode.c.objc; path = FSCalendarAppearance.m; sourceTree = "<group>"; };
		C38B1CA61FAD8DC1004FE401 /* FSCalendarCell.h */ = {isa = PBXFileReference; fileEncoding = 4; lastKnownFileType = sourcecode.c.h; path = FSCalendarCell.h; sourceTree = "<group>"; };
		C38B1CA71FAD8DC1004FE401 /* FSCalendarCell.m */ = {isa = PBXFileReference; fileEncoding = 4; lastKnownFileType = sourcecode.c.objc; path = FSCalendarCell.m; sourceTree = "<group>"; };
		C38B1CA81FAD8DC1004FE401 /* FSCalendarCollectionView.h */ = {isa = PBXFileReference; fileEncoding = 4; lastKnownFileType = sourcecode.c.h; path = FSCalendarCollectionView.h; sourceTree = "<group>"; };
		C38B1CA91FAD8DC1004FE401 /* FSCalendarCollectionView.m */ = {isa = PBXFileReference; fileEncoding = 4; lastKnownFileType = sourcecode.c.objc; path = FSCalendarCollectionView.m; sourceTree = "<group>"; };
		C38B1CAA1FAD8DC1004FE401 /* FSCalendarConstance.h */ = {isa = PBXFileReference; fileEncoding = 4; lastKnownFileType = sourcecode.c.h; path = FSCalendarConstance.h; sourceTree = "<group>"; };
		C38B1CAB1FAD8DC1004FE401 /* FSCalendarConstance.m */ = {isa = PBXFileReference; fileEncoding = 4; lastKnownFileType = sourcecode.c.objc; path = FSCalendarConstance.m; sourceTree = "<group>"; };
		C38B1CAC1FAD8DC1004FE401 /* FSCalendarDynamicHeader.h */ = {isa = PBXFileReference; fileEncoding = 4; lastKnownFileType = sourcecode.c.h; path = FSCalendarDynamicHeader.h; sourceTree = "<group>"; };
		C38B1CAD1FAD8DC1004FE401 /* FSCalendarEventIndicator.h */ = {isa = PBXFileReference; fileEncoding = 4; lastKnownFileType = sourcecode.c.h; path = FSCalendarEventIndicator.h; sourceTree = "<group>"; };
		C38B1CAE1FAD8DC1004FE401 /* FSCalendarEventIndicator.m */ = {isa = PBXFileReference; fileEncoding = 4; lastKnownFileType = sourcecode.c.objc; path = FSCalendarEventIndicator.m; sourceTree = "<group>"; };
		C38B1CAF1FAD8DC1004FE401 /* FSCalendarFlowLayout.h */ = {isa = PBXFileReference; fileEncoding = 4; lastKnownFileType = sourcecode.c.h; path = FSCalendarFlowLayout.h; sourceTree = "<group>"; };
		C38B1CB01FAD8DC1004FE401 /* FSCalendarFlowLayout.m */ = {isa = PBXFileReference; fileEncoding = 4; lastKnownFileType = sourcecode.c.objc; path = FSCalendarFlowLayout.m; sourceTree = "<group>"; };
		C38B1CB11FAD8DC1004FE401 /* FSCalendarHeader.h */ = {isa = PBXFileReference; fileEncoding = 4; lastKnownFileType = sourcecode.c.h; path = FSCalendarHeader.h; sourceTree = "<group>"; };
		C38B1CB21FAD8DC1004FE401 /* FSCalendarHeader.m */ = {isa = PBXFileReference; fileEncoding = 4; lastKnownFileType = sourcecode.c.objc; path = FSCalendarHeader.m; sourceTree = "<group>"; };
		C38B1CB31FAD8DC1004FE401 /* FSCalendarScopeHandle.h */ = {isa = PBXFileReference; fileEncoding = 4; lastKnownFileType = sourcecode.c.h; path = FSCalendarScopeHandle.h; sourceTree = "<group>"; };
		C38B1CB41FAD8DC1004FE401 /* FSCalendarScopeHandle.m */ = {isa = PBXFileReference; fileEncoding = 4; lastKnownFileType = sourcecode.c.objc; path = FSCalendarScopeHandle.m; sourceTree = "<group>"; };
		C38B1CB51FAD8DC1004FE401 /* FSCalendarStickyHeader.h */ = {isa = PBXFileReference; fileEncoding = 4; lastKnownFileType = sourcecode.c.h; path = FSCalendarStickyHeader.h; sourceTree = "<group>"; };
		C38B1CB61FAD8DC1004FE401 /* FSCalendarStickyHeader.m */ = {isa = PBXFileReference; fileEncoding = 4; lastKnownFileType = sourcecode.c.objc; path = FSCalendarStickyHeader.m; sourceTree = "<group>"; };
		C38B1CB71FAD8DC1004FE401 /* Info.plist */ = {isa = PBXFileReference; fileEncoding = 4; lastKnownFileType = text.plist.xml; path = Info.plist; sourceTree = "<group>"; };
		C38B1CB81FAD8DC1004FE401 /* UIView+FSExtension.h */ = {isa = PBXFileReference; fileEncoding = 4; lastKnownFileType = sourcecode.c.h; path = "UIView+FSExtension.h"; sourceTree = "<group>"; };
		C38B1CB91FAD8DC1004FE401 /* UIView+FSExtension.m */ = {isa = PBXFileReference; fileEncoding = 4; lastKnownFileType = sourcecode.c.objc; path = "UIView+FSExtension.m"; sourceTree = "<group>"; };
		C38B1CCB1FAD9369004FE401 /* LCEBaseRequest.h */ = {isa = PBXFileReference; fileEncoding = 4; lastKnownFileType = sourcecode.c.h; path = LCEBaseRequest.h; sourceTree = "<group>"; };
		C38B1CCC1FAD9369004FE401 /* LCEBaseRequest.m */ = {isa = PBXFileReference; fileEncoding = 4; lastKnownFileType = sourcecode.c.objc; path = LCEBaseRequest.m; sourceTree = "<group>"; };
		C38B1CCD1FAD9369004FE401 /* LCEBaseRequestAccessory.h */ = {isa = PBXFileReference; fileEncoding = 4; lastKnownFileType = sourcecode.c.h; path = LCEBaseRequestAccessory.h; sourceTree = "<group>"; };
		C38B1CCE1FAD9369004FE401 /* LCEBaseRequestAccessory.m */ = {isa = PBXFileReference; fileEncoding = 4; lastKnownFileType = sourcecode.c.objc; path = LCEBaseRequestAccessory.m; sourceTree = "<group>"; };
		C38B1CD21FAD93D2004FE401 /* KNBMainConfigModel.h */ = {isa = PBXFileReference; fileEncoding = 4; lastKnownFileType = sourcecode.c.h; path = KNBMainConfigModel.h; sourceTree = "<group>"; };
		C38B1CD31FAD93D2004FE401 /* KNBMainConfigModel.m */ = {isa = PBXFileReference; fileEncoding = 4; lastKnownFileType = sourcecode.c.objc; path = KNBMainConfigModel.m; sourceTree = "<group>"; };
		C38B1CD61FAD9427004FE401 /* LCEUserInfo.h */ = {isa = PBXFileReference; fileEncoding = 4; lastKnownFileType = sourcecode.c.h; path = LCEUserInfo.h; sourceTree = "<group>"; };
		C38B1CD71FAD9427004FE401 /* LCEUserInfo.m */ = {isa = PBXFileReference; fileEncoding = 4; lastKnownFileType = sourcecode.c.objc; path = LCEUserInfo.m; sourceTree = "<group>"; };
		C3DA4FDB1FB05DB1007F9411 /* LCEApply.plist */ = {isa = PBXFileReference; lastKnownFileType = text.plist.xml; path = LCEApply.plist; sourceTree = "<group>"; };
		C3DA4FDD1FB060B9007F9411 /* LCESecrecyViewController.h */ = {isa = PBXFileReference; lastKnownFileType = sourcecode.c.h; path = LCESecrecyViewController.h; sourceTree = "<group>"; };
		C3DA4FDE1FB060B9007F9411 /* LCESecrecyViewController.m */ = {isa = PBXFileReference; lastKnownFileType = sourcecode.c.objc; path = LCESecrecyViewController.m; sourceTree = "<group>"; };
		C3DA4FE11FB14421007F9411 /* LCEApplyCollectionViewCell.h */ = {isa = PBXFileReference; lastKnownFileType = sourcecode.c.h; path = LCEApplyCollectionViewCell.h; sourceTree = "<group>"; };
		C3DA4FE21FB14421007F9411 /* LCEApplyCollectionViewCell.m */ = {isa = PBXFileReference; lastKnownFileType = sourcecode.c.objc; path = LCEApplyCollectionViewCell.m; sourceTree = "<group>"; };
		C3DA4FE31FB14421007F9411 /* LCEApplyCollectionViewCell.xib */ = {isa = PBXFileReference; lastKnownFileType = file.xib; path = LCEApplyCollectionViewCell.xib; sourceTree = "<group>"; };
		C3E1EC2A1FA80869008E3E10 /* LCEiTimerDiary.pch */ = {isa = PBXFileReference; lastKnownFileType = sourcecode.c.h; path = LCEiTimerDiary.pch; sourceTree = "<group>"; };
		C3E1EC2B1FA80964008E3E10 /* LCEPrecompile.h */ = {isa = PBXFileReference; lastKnownFileType = sourcecode.c.h; path = LCEPrecompile.h; sourceTree = "<group>"; };
		C3E1EC2C1FA80AF6008E3E10 /* LCEUtilExtend.h */ = {isa = PBXFileReference; lastKnownFileType = sourcecode.c.h; path = LCEUtilExtend.h; sourceTree = "<group>"; };
		C3E1EC2D1FA80F69008E3E10 /* LCEMeViewController.h */ = {isa = PBXFileReference; lastKnownFileType = sourcecode.c.h; path = LCEMeViewController.h; sourceTree = "<group>"; };
		C3E1EC2E1FA80F69008E3E10 /* LCEMeViewController.m */ = {isa = PBXFileReference; lastKnownFileType = sourcecode.c.objc; path = LCEMeViewController.m; sourceTree = "<group>"; };
		C3E1EC301FA81286008E3E10 /* CoreGraphics.framework */ = {isa = PBXFileReference; lastKnownFileType = wrapper.framework; name = CoreGraphics.framework; path = System/Library/Frameworks/CoreGraphics.framework; sourceTree = SDKROOT; };
		C3E1EC321FA81447008E3E10 /* NotificationCenter.framework */ = {isa = PBXFileReference; lastKnownFileType = wrapper.framework; name = NotificationCenter.framework; path = System/Library/Frameworks/NotificationCenter.framework; sourceTree = SDKROOT; };
		C3E1EC341FA85FB4008E3E10 /* UIColor+Hex.h */ = {isa = PBXFileReference; lastKnownFileType = sourcecode.c.h; path = "UIColor+Hex.h"; sourceTree = "<group>"; };
		C3E1EC351FA85FB4008E3E10 /* UIColor+Hex.m */ = {isa = PBXFileReference; lastKnownFileType = sourcecode.c.objc; path = "UIColor+Hex.m"; sourceTree = "<group>"; };
		C3E1EC371FA86AB8008E3E10 /* LCEMeSettingViewController.h */ = {isa = PBXFileReference; lastKnownFileType = sourcecode.c.h; path = LCEMeSettingViewController.h; sourceTree = "<group>"; };
		C3E1EC381FA86AB8008E3E10 /* LCEMeSettingViewController.m */ = {isa = PBXFileReference; lastKnownFileType = sourcecode.c.objc; path = LCEMeSettingViewController.m; sourceTree = "<group>"; };
		C3E1EC3E1FA95AA3008E3E10 /* LCEMeSettingTableViewCell.h */ = {isa = PBXFileReference; lastKnownFileType = sourcecode.c.h; path = LCEMeSettingTableViewCell.h; sourceTree = "<group>"; };
		C3E1EC3F1FA95AA3008E3E10 /* LCEMeSettingTableViewCell.m */ = {isa = PBXFileReference; lastKnownFileType = sourcecode.c.objc; path = LCEMeSettingTableViewCell.m; sourceTree = "<group>"; };
		C3E1EC401FA95AA3008E3E10 /* LCEMeSettingTableViewCell.xib */ = {isa = PBXFileReference; lastKnownFileType = file.xib; path = LCEMeSettingTableViewCell.xib; sourceTree = "<group>"; };
		D1B13E293AA71984EF9A2723 /* libPods-LCEiTimerDiaryTests.a */ = {isa = PBXFileReference; explicitFileType = archive.ar; includeInIndex = 0; path = "libPods-LCEiTimerDiaryTests.a"; sourceTree = BUILT_PRODUCTS_DIR; };
		D630C70F8B47E6B3E19F9854 /* libPods-LCEiTimerDiary.a */ = {isa = PBXFileReference; explicitFileType = archive.ar; includeInIndex = 0; path = "libPods-LCEiTimerDiary.a"; sourceTree = BUILT_PRODUCTS_DIR; };
/* End PBXFileReference section */

/* Begin PBXFrameworksBuildPhase section */
		C38504FD1F7A2EF30009B64B /* Frameworks */ = {
			isa = PBXFrameworksBuildPhase;
			buildActionMask = 2147483647;
			files = (
				C3E1EC331FA81447008E3E10 /* NotificationCenter.framework in Frameworks */,
				C3E1EC311FA81286008E3E10 /* CoreGraphics.framework in Frameworks */,
				EC5DBABECEE6870FAE98B44B /* libPods-LCEiTimerDiary.a in Frameworks */,
			);
			runOnlyForDeploymentPostprocessing = 0;
		};
		C38505181F7A2EF40009B64B /* Frameworks */ = {
			isa = PBXFrameworksBuildPhase;
			buildActionMask = 2147483647;
			files = (
				D026B2FC07BE8560DFA846DD /* libPods-LCEiTimerDiaryTests.a in Frameworks */,
			);
			runOnlyForDeploymentPostprocessing = 0;
		};
		C38505231F7A2EF40009B64B /* Frameworks */ = {
			isa = PBXFrameworksBuildPhase;
			buildActionMask = 2147483647;
			files = (
				6F36A3EF6491DB4901EF2D09 /* libPods-LCEiTimerDiaryUITests.a in Frameworks */,
			);
			runOnlyForDeploymentPostprocessing = 0;
		};
/* End PBXFrameworksBuildPhase section */

/* Begin PBXGroup section */
		95F73AAB57257BCAA0C7B4F6 /* Pods */ = {
			isa = PBXGroup;
			children = (
				04CFB8F3E0ED7EB47F42DEC1 /* Pods-LCEiTimerDiary.debug.xcconfig */,
				92E220514BD85F9D4DF34FC7 /* Pods-LCEiTimerDiary.release.xcconfig */,
				AC943744FD5A3449E02CABCA /* Pods-LCEiTimerDiaryTests.debug.xcconfig */,
				C2350190583B73368512AA99 /* Pods-LCEiTimerDiaryTests.release.xcconfig */,
				AF97D9A4D51F18AB1E269BEE /* Pods-LCEiTimerDiaryUITests.debug.xcconfig */,
				7D369D73D99D3DC31D42E31D /* Pods-LCEiTimerDiaryUITests.release.xcconfig */,
			);
			name = Pods;
			sourceTree = "<group>";
		};
		C3598B391FC69AB500B0E524 /* LCEAuthentication */ = {
			isa = PBXGroup;
			children = (
				C3598B3A1FC69BA200B0E524 /* LCEAuthManage.h */,
				C3598B3B1FC69BA200B0E524 /* LCEAuthManage.m */,
			);
			path = LCEAuthentication;
			sourceTree = "<group>";
		};
		C38504F71F7A2EF30009B64B = {
			isa = PBXGroup;
			children = (
				C38505021F7A2EF30009B64B /* LCEiTimerDiary */,
				C385051E1F7A2EF40009B64B /* LCEiTimerDiaryTests */,
				C38505291F7A2EF40009B64B /* LCEiTimerDiaryUITests */,
				C38505011F7A2EF30009B64B /* Products */,
				95F73AAB57257BCAA0C7B4F6 /* Pods */,
				FD5B7AA9E607AD216431A9A1 /* Frameworks */,
			);
			sourceTree = "<group>";
		};
		C38505011F7A2EF30009B64B /* Products */ = {
			isa = PBXGroup;
			children = (
				C38505001F7A2EF30009B64B /* LCEiTimerDiary.app */,
				C385051B1F7A2EF40009B64B /* LCEiTimerDiaryTests.xctest */,
				C38505261F7A2EF40009B64B /* LCEiTimerDiaryUITests.xctest */,
			);
			name = Products;
			sourceTree = "<group>";
		};
		C38505021F7A2EF30009B64B /* LCEiTimerDiary */ = {
			isa = PBXGroup;
			children = (
				C38505391F7A39960009B64B /* Application */,
				C38505381F7A39880009B64B /* Base */,
				C385053A1F7A39A50009B64B /* Categories */,
				C385053C1F7A39D80009B64B /* View */,
				C385053B1F7A39CB0009B64B /* Controller */,
				C38505411F7A3A270009B64B /* Model */,
				C38505401F7A3A1E0009B64B /* Network */,
				C385053F1F7A3A0C0009B64B /* Supporting Files */,
				C385053E1F7A39FF0009B64B /* Utils */,
				C385053D1F7A39F70009B64B /* Vendor */,
				C38505421F7A3A3D0009B64B /* CoreData */,
			);
			path = LCEiTimerDiary;
			sourceTree = "<group>";
		};
		C385051E1F7A2EF40009B64B /* LCEiTimerDiaryTests */ = {
			isa = PBXGroup;
			children = (
				C385051F1F7A2EF40009B64B /* LCEiTimerDiaryTests.m */,
				C38505211F7A2EF40009B64B /* Info.plist */,
			);
			path = LCEiTimerDiaryTests;
			sourceTree = "<group>";
		};
		C38505291F7A2EF40009B64B /* LCEiTimerDiaryUITests */ = {
			isa = PBXGroup;
			children = (
				C385052A1F7A2EF40009B64B /* LCEiTimerDiaryUITests.m */,
				C385052C1F7A2EF40009B64B /* Info.plist */,
			);
			path = LCEiTimerDiaryUITests;
			sourceTree = "<group>";
		};
		C38505381F7A39880009B64B /* Base */ = {
			isa = PBXGroup;
			children = (
				C38B1C751FAD8CD7004FE401 /* LCEBaseModel.h */,
				C38B1C761FAD8CD7004FE401 /* LCEBaseModel.m */,
				C38B1CCB1FAD9369004FE401 /* LCEBaseRequest.h */,
				C38B1CCC1FAD9369004FE401 /* LCEBaseRequest.m */,
				C38B1CCD1FAD9369004FE401 /* LCEBaseRequestAccessory.h */,
				C38B1CCE1FAD9369004FE401 /* LCEBaseRequestAccessory.m */,
				C38505431F7A3A9C0009B64B /* LCEBaseViewController.h */,
				C38505441F7A3A9C0009B64B /* LCEBaseViewController.m */,
				C359C7631F7A41EB00D9D8BA /* LCENavigationController.h */,
				C359C7641F7A41EB00D9D8BA /* LCENavigationController.m */,
				C38505881F7A3C1E0009B64B /* LCETabBarViewController.h */,
				C38505891F7A3C1E0009B64B /* LCETabBarViewController.m */,
			);
			path = Base;
			sourceTree = "<group>";
		};
		C38505391F7A39960009B64B /* Application */ = {
			isa = PBXGroup;
			children = (
				C38505031F7A2EF30009B64B /* AppDelegate.h */,
				C38505041F7A2EF30009B64B /* AppDelegate.m */,
			);
			path = Application;
			sourceTree = "<group>";
		};
		C385053A1F7A39A50009B64B /* Categories */ = {
			isa = PBXGroup;
			children = (
				C385056C1F7A3AE50009B64B /* NSDate */,
				C385057B1F7A3AE70009B64B /* NSString */,
				C38505781F7A3AE70009B64B /* NSTimer */,
				C38505461F7A3AE20009B64B /* NSUrl */,
				C385054E1F7A3AE30009B64B /* UIButton */,
				C385055C1F7A3AE40009B64B /* UIColor */,
				C385055F1F7A3AE50009B64B /* UIImage */,
				C38505491F7A3AE20009B64B /* UIImageView */,
				C38505591F7A3AE40009B64B /* UILabel */,
				C38505751F7A3AE60009B64B /* UINavigationController */,
				C385056F1F7A3AE60009B64B /* UITextField */,
				C38505721F7A3AE60009B64B /* UIView */,
			);
			path = Categories;
			sourceTree = "<group>";
		};
		C385053B1F7A39CB0009B64B /* Controller */ = {
			isa = PBXGroup;
			children = (
				C3E1EC3A1FA88D4A008E3E10 /* LCEHomeVC */,
				C38B1C6A1FA9ED38004FE401 /* LCEApplyVC */,
				C3E1EC3B1FA88DAD008E3E10 /* LCEMeVC */,
			);
			path = Controller;
			sourceTree = "<group>";
		};
		C385053C1F7A39D80009B64B /* View */ = {
			isa = PBXGroup;
			children = (
				C3DA4FE01FB143BB007F9411 /* LCEApplyView */,
				C3E1EC3C1FA95942008E3E10 /* LCEHomeVielw */,
				C3E1EC3D1FA95A59008E3E10 /* LCEMeView */,
			);
			path = View;
			sourceTree = "<group>";
		};
		C385053D1F7A39F70009B64B /* Vendor */ = {
			isa = PBXGroup;
			children = (
				C38B1C991FAD8DC1004FE401 /* FSCalendar */,
				C38B1C821FAD8DA6004FE401 /* SDCycleScrollView */,
				C38B1C781FAD8D6C004FE401 /* MTLManagedObjectAdapter */,
			);
			path = Vendor;
			sourceTree = "<group>";
		};
		C385053E1F7A39FF0009B64B /* Utils */ = {
			isa = PBXGroup;
			children = (
				C3598B391FC69AB500B0E524 /* LCEAuthentication */,
				C38B1CD51FAD9427004FE401 /* LCEUserInfo */,
			);
			path = Utils;
			sourceTree = "<group>";
		};
		C385053F1F7A3A0C0009B64B /* Supporting Files */ = {
			isa = PBXGroup;
			children = (
				C385050F1F7A2EF40009B64B /* Assets.xcassets */,
				C38505141F7A2EF40009B64B /* Info.plist */,
				C3E1EC2B1FA80964008E3E10 /* LCEPrecompile.h */,
				C3E1EC2C1FA80AF6008E3E10 /* LCEUtilExtend.h */,
				C3E1EC2A1FA80869008E3E10 /* LCEiTimerDiary.pch */,
				C38505151F7A2EF40009B64B /* main.m */,
				C385050C1F7A2EF40009B64B /* LCEiTimerDiary.xcdatamodeld */,
			);
			path = "Supporting Files";
			sourceTree = "<group>";
		};
		C38505401F7A3A1E0009B64B /* Network */ = {
			isa = PBXGroup;
			children = (
			);
			path = Network;
			sourceTree = "<group>";
		};
		C38505411F7A3A270009B64B /* Model */ = {
			isa = PBXGroup;
			children = (
				C38B1CD11FAD93D2004FE401 /* KNBMainConfig */,
			);
			path = Model;
			sourceTree = "<group>";
		};
		C38505421F7A3A3D0009B64B /* CoreData */ = {
			isa = PBXGroup;
			children = (
			);
			path = CoreData;
			sourceTree = "<group>";
		};
		C38505461F7A3AE20009B64B /* NSUrl */ = {
			isa = PBXGroup;
			children = (
				C38505471F7A3AE20009B64B /* NSURL+Video.h */,
				C38505481F7A3AE20009B64B /* NSURL+Video.m */,
			);
			path = NSUrl;
			sourceTree = "<group>";
		};
		C38505491F7A3AE20009B64B /* UIImageView */ = {
			isa = PBXGroup;
			children = (
				C385054A1F7A3AE20009B64B /* UIImageView+Addition.h */,
				C385054B1F7A3AE20009B64B /* UIImageView+Addition.m */,
				C385054C1F7A3AE20009B64B /* UIImageView+FaceAwareFill.h */,
				C385054D1F7A3AE20009B64B /* UIImageView+FaceAwareFill.m */,
			);
			path = UIImageView;
			sourceTree = "<group>";
		};
		C385054E1F7A3AE30009B64B /* UIButton */ = {
			isa = PBXGroup;
			children = (
				C385054F1F7A3AE30009B64B /* UIButton+ArrayButton.h */,
				C38505501F7A3AE30009B64B /* UIButton+ArrayButton.m */,
				C38505511F7A3AE30009B64B /* UIButton+CountDown.h */,
				C38505521F7A3AE30009B64B /* UIButton+CountDown.m */,
				C38505531F7A3AE30009B64B /* UIButton+EnlargeArea.h */,
				C38505541F7A3AE30009B64B /* UIButton+EnlargeArea.m */,
				C38505551F7A3AE30009B64B /* UIButton+ImageAndTitle.h */,
				C38505561F7A3AE30009B64B /* UIButton+ImageAndTitle.m */,
				C38505571F7A3AE30009B64B /* UIButton+Indicator.h */,
				C38505581F7A3AE30009B64B /* UIButton+Indicator.m */,
			);
			path = UIButton;
			sourceTree = "<group>";
		};
		C38505591F7A3AE40009B64B /* UILabel */ = {
			isa = PBXGroup;
			children = (
				C385055A1F7A3AE40009B64B /* UILabel+AutoSize.h */,
				C385055B1F7A3AE40009B64B /* UILabel+AutoSize.m */,
			);
			path = UILabel;
			sourceTree = "<group>";
		};
		C385055C1F7A3AE40009B64B /* UIColor */ = {
			isa = PBXGroup;
			children = (
				C3E1EC341FA85FB4008E3E10 /* UIColor+Hex.h */,
				C3E1EC351FA85FB4008E3E10 /* UIColor+Hex.m */,
			);
			path = UIColor;
			sourceTree = "<group>";
		};
		C385055F1F7A3AE50009B64B /* UIImage */ = {
			isa = PBXGroup;
			children = (
				C38505601F7A3AE50009B64B /* UIImage+Alpha.h */,
				C38505611F7A3AE50009B64B /* UIImage+Alpha.m */,
				C38505621F7A3AE50009B64B /* UIImage+QRCode.h */,
				C38505631F7A3AE50009B64B /* UIImage+QRCode.m */,
				C38505641F7A3AE50009B64B /* UIImage+Resize.h */,
				C38505651F7A3AE50009B64B /* UIImage+Resize.m */,
				C38505661F7A3AE50009B64B /* UIImage+RoundedCorner.h */,
				C38505671F7A3AE50009B64B /* UIImage+RoundedCorner.m */,
				C38505681F7A3AE50009B64B /* UIImage+VideoPreview.h */,
				C38505691F7A3AE50009B64B /* UIImage+VideoPreview.m */,
				C385056A1F7A3AE50009B64B /* UIImage+WaterMark.h */,
				C385056B1F7A3AE50009B64B /* UIImage+WaterMark.m */,
			);
			path = UIImage;
			sourceTree = "<group>";
		};
		C385056C1F7A3AE50009B64B /* NSDate */ = {
			isa = PBXGroup;
			children = (
				C385056D1F7A3AE60009B64B /* NSDate+BTAddition.h */,
				C385056E1F7A3AE60009B64B /* NSDate+BTAddition.m */,
			);
			path = NSDate;
			sourceTree = "<group>";
		};
		C385056F1F7A3AE60009B64B /* UITextField */ = {
			isa = PBXGroup;
			children = (
				C38505701F7A3AE60009B64B /* UITextField+Shake.h */,
				C38505711F7A3AE60009B64B /* UITextField+Shake.m */,
			);
			path = UITextField;
			sourceTree = "<group>";
		};
		C38505721F7A3AE60009B64B /* UIView */ = {
			isa = PBXGroup;
			children = (
				C38505731F7A3AE60009B64B /* UIView+Frame.h */,
				C38505741F7A3AE60009B64B /* UIView+Frame.m */,
			);
			path = UIView;
			sourceTree = "<group>";
		};
		C38505751F7A3AE60009B64B /* UINavigationController */ = {
			isa = PBXGroup;
			children = (
				C38505761F7A3AE60009B64B /* UINavigationController+StackManager.h */,
				C38505771F7A3AE60009B64B /* UINavigationController+StackManager.m */,
			);
			path = UINavigationController;
			sourceTree = "<group>";
		};
		C38505781F7A3AE70009B64B /* NSTimer */ = {
			isa = PBXGroup;
			children = (
				C38505791F7A3AE70009B64B /* NSTimer+EOCBlocksSupport.h */,
				C385057A1F7A3AE70009B64B /* NSTimer+EOCBlocksSupport.m */,
			);
			path = NSTimer;
			sourceTree = "<group>";
		};
		C385057B1F7A3AE70009B64B /* NSString */ = {
			isa = PBXGroup;
			children = (
				C385057C1F7A3AE70009B64B /* GTMNSString+HTML.h */,
				C385057D1F7A3AE70009B64B /* GTMNSString+HTML.m */,
				C385057E1F7A3AE70009B64B /* NSString+Contain.h */,
				C385057F1F7A3AE70009B64B /* NSString+Contain.m */,
				C38505801F7A3AE70009B64B /* NSString+HTML.h */,
				C38505811F7A3AE70009B64B /* NSString+HTML.m */,
				C38505821F7A3AE70009B64B /* NSString+MD5.h */,
				C38505831F7A3AE70009B64B /* NSString+MD5.m */,
				C38505841F7A3AE70009B64B /* NSString+Size.h */,
				C38505851F7A3AE70009B64B /* NSString+Size.m */,
				C38505861F7A3AE70009B64B /* NSString+Trim.h */,
				C38505871F7A3AE70009B64B /* NSString+Trim.m */,
			);
			path = NSString;
			sourceTree = "<group>";
		};
		C38B1C6A1FA9ED38004FE401 /* LCEApplyVC */ = {
			isa = PBXGroup;
			children = (
				C3DA4FDB1FB05DB1007F9411 /* LCEApply.plist */,
				C38B1C6B1FA9ED85004FE401 /* LCEApplyViewController.h */,
				C38B1C6C1FA9ED85004FE401 /* LCEApplyViewController.m */,
				C3DA4FDD1FB060B9007F9411 /* LCESecrecyViewController.h */,
				C3DA4FDE1FB060B9007F9411 /* LCESecrecyViewController.m */,
			);
			path = LCEApplyVC;
			sourceTree = "<group>";
		};
		C38B1C781FAD8D6C004FE401 /* MTLManagedObjectAdapter */ = {
			isa = PBXGroup;
			children = (
				C38B1C791FAD8D6C004FE401 /* extobjc */,
				C38B1C7E1FAD8D6C004FE401 /* MTLManagedObjectAdapter.h */,
				C38B1C7F1FAD8D6C004FE401 /* MTLManagedObjectAdapter.m */,
			);
			path = MTLManagedObjectAdapter;
			sourceTree = "<group>";
		};
		C38B1C791FAD8D6C004FE401 /* extobjc */ = {
			isa = PBXGroup;
			children = (
				C38B1C7A1FAD8D6C004FE401 /* EXTKeyPathCoding.h */,
				C38B1C7B1FAD8D6C004FE401 /* EXTRuntimeExtensions.h */,
				C38B1C7C1FAD8D6C004FE401 /* EXTRuntimeExtensions.m */,
				C38B1C7D1FAD8D6C004FE401 /* metamacros.h */,
			);
			path = extobjc;
			sourceTree = "<group>";
		};
		C38B1C821FAD8DA6004FE401 /* SDCycleScrollView */ = {
			isa = PBXGroup;
			children = (
				C38B1C831FAD8DA6004FE401 /* PageControl */,
				C38B1C8C1FAD8DA6004FE401 /* SDCollectionViewCell.h */,
				C38B1C8D1FAD8DA6004FE401 /* SDCollectionViewCell.m */,
				C38B1C8E1FAD8DA6004FE401 /* SDCycleScrollView.h */,
				C38B1C8F1FAD8DA6004FE401 /* SDCycleScrollView.m */,
				C38B1C901FAD8DA6004FE401 /* UIView+SDExtension.h */,
				C38B1C911FAD8DA6004FE401 /* UIView+SDExtension.m */,
			);
			path = SDCycleScrollView;
			sourceTree = "<group>";
		};
		C38B1C831FAD8DA6004FE401 /* PageControl */ = {
			isa = PBXGroup;
			children = (
				C38B1C841FAD8DA6004FE401 /* TAAbstractDotView.h */,
				C38B1C851FAD8DA6004FE401 /* TAAbstractDotView.m */,
				C38B1C861FAD8DA6004FE401 /* TAAnimatedDotView.h */,
				C38B1C871FAD8DA6004FE401 /* TAAnimatedDotView.m */,
				C38B1C881FAD8DA6004FE401 /* TADotView.h */,
				C38B1C891FAD8DA6004FE401 /* TADotView.m */,
				C38B1C8A1FAD8DA6004FE401 /* TAPageControl.h */,
				C38B1C8B1FAD8DA6004FE401 /* TAPageControl.m */,
			);
			path = PageControl;
			sourceTree = "<group>";
		};
		C38B1C991FAD8DC1004FE401 /* FSCalendar */ = {
			isa = PBXGroup;
			children = (
				C38B1C9A1FAD8DC1004FE401 /* CALayer+FSExtension.h */,
				C38B1C9B1FAD8DC1004FE401 /* CALayer+FSExtension.m */,
				C38B1C9C1FAD8DC1004FE401 /* FSCalendar+DateTools.m */,
				C38B1C9D1FAD8DC1004FE401 /* FSCalendar+Deprecated.m */,
				C38B1C9E1FAD8DC1004FE401 /* FSCalendar+IBExtension.h */,
				C38B1C9F1FAD8DC1004FE401 /* FSCalendar+IBExtension.m */,
				C38B1CA01FAD8DC1004FE401 /* FSCalendar.h */,
				C38B1CA11FAD8DC1004FE401 /* FSCalendar.m */,
				C38B1CA21FAD8DC1004FE401 /* FSCalendarAnimator.h */,
				C38B1CA31FAD8DC1004FE401 /* FSCalendarAnimator.m */,
				C38B1CA41FAD8DC1004FE401 /* FSCalendarAppearance.h */,
				C38B1CA51FAD8DC1004FE401 /* FSCalendarAppearance.m */,
				C38B1CA61FAD8DC1004FE401 /* FSCalendarCell.h */,
				C38B1CA71FAD8DC1004FE401 /* FSCalendarCell.m */,
				C38B1CA81FAD8DC1004FE401 /* FSCalendarCollectionView.h */,
				C38B1CA91FAD8DC1004FE401 /* FSCalendarCollectionView.m */,
				C38B1CAA1FAD8DC1004FE401 /* FSCalendarConstance.h */,
				C38B1CAB1FAD8DC1004FE401 /* FSCalendarConstance.m */,
				C38B1CAC1FAD8DC1004FE401 /* FSCalendarDynamicHeader.h */,
				C38B1CAD1FAD8DC1004FE401 /* FSCalendarEventIndicator.h */,
				C38B1CAE1FAD8DC1004FE401 /* FSCalendarEventIndicator.m */,
				C38B1CAF1FAD8DC1004FE401 /* FSCalendarFlowLayout.h */,
				C38B1CB01FAD8DC1004FE401 /* FSCalendarFlowLayout.m */,
				C38B1CB11FAD8DC1004FE401 /* FSCalendarHeader.h */,
				C38B1CB21FAD8DC1004FE401 /* FSCalendarHeader.m */,
				C38B1CB31FAD8DC1004FE401 /* FSCalendarScopeHandle.h */,
				C38B1CB41FAD8DC1004FE401 /* FSCalendarScopeHandle.m */,
				C38B1CB51FAD8DC1004FE401 /* FSCalendarStickyHeader.h */,
				C38B1CB61FAD8DC1004FE401 /* FSCalendarStickyHeader.m */,
				C38B1CB71FAD8DC1004FE401 /* Info.plist */,
				C38B1CB81FAD8DC1004FE401 /* UIView+FSExtension.h */,
				C38B1CB91FAD8DC1004FE401 /* UIView+FSExtension.m */,
			);
			path = FSCalendar;
			sourceTree = "<group>";
		};
		C38B1CD11FAD93D2004FE401 /* KNBMainConfig */ = {
			isa = PBXGroup;
			children = (
				C38B1CD21FAD93D2004FE401 /* KNBMainConfigModel.h */,
				C38B1CD31FAD93D2004FE401 /* KNBMainConfigModel.m */,
			);
			path = KNBMainConfig;
			sourceTree = "<group>";
		};
		C38B1CD51FAD9427004FE401 /* LCEUserInfo */ = {
			isa = PBXGroup;
			children = (
				C38B1CD61FAD9427004FE401 /* LCEUserInfo.h */,
				C38B1CD71FAD9427004FE401 /* LCEUserInfo.m */,
			);
			path = LCEUserInfo;
			sourceTree = "<group>";
		};
		C3DA4FE01FB143BB007F9411 /* LCEApplyView */ = {
			isa = PBXGroup;
			children = (
				C3DA4FE11FB14421007F9411 /* LCEApplyCollectionViewCell.h */,
				C3DA4FE21FB14421007F9411 /* LCEApplyCollectionViewCell.m */,
				C3DA4FE31FB14421007F9411 /* LCEApplyCollectionViewCell.xib */,
			);
			path = LCEApplyView;
			sourceTree = "<group>";
		};
		C3E1EC3A1FA88D4A008E3E10 /* LCEHomeVC */ = {
			isa = PBXGroup;
			children = (
				C359C7661F7A43AF00D9D8BA /* LCEHomeViewController.h */,
				C359C7671F7A43AF00D9D8BA /* LCEHomeViewController.m */,
			);
			path = LCEHomeVC;
			sourceTree = "<group>";
		};
		C3E1EC3B1FA88DAD008E3E10 /* LCEMeVC */ = {
			isa = PBXGroup;
			children = (
				C3E1EC2D1FA80F69008E3E10 /* LCEMeViewController.h */,
				C3E1EC2E1FA80F69008E3E10 /* LCEMeViewController.m */,
				C3E1EC371FA86AB8008E3E10 /* LCEMeSettingViewController.h */,
				C3E1EC381FA86AB8008E3E10 /* LCEMeSettingViewController.m */,
			);
			path = LCEMeVC;
			sourceTree = "<group>";
		};
		C3E1EC3C1FA95942008E3E10 /* LCEHomeVielw */ = {
			isa = PBXGroup;
			children = (
			);
			path = LCEHomeVielw;
			sourceTree = "<group>";
		};
		C3E1EC3D1FA95A59008E3E10 /* LCEMeView */ = {
			isa = PBXGroup;
			children = (
				C3E1EC3E1FA95AA3008E3E10 /* LCEMeSettingTableViewCell.h */,
				C3E1EC3F1FA95AA3008E3E10 /* LCEMeSettingTableViewCell.m */,
				C3E1EC401FA95AA3008E3E10 /* LCEMeSettingTableViewCell.xib */,
			);
			path = LCEMeView;
			sourceTree = "<group>";
		};
		FD5B7AA9E607AD216431A9A1 /* Frameworks */ = {
			isa = PBXGroup;
			children = (
				C3E1EC321FA81447008E3E10 /* NotificationCenter.framework */,
				C3E1EC301FA81286008E3E10 /* CoreGraphics.framework */,
				D630C70F8B47E6B3E19F9854 /* libPods-LCEiTimerDiary.a */,
				D1B13E293AA71984EF9A2723 /* libPods-LCEiTimerDiaryTests.a */,
				02E21BF16BC81CE234D71DA4 /* libPods-LCEiTimerDiaryUITests.a */,
			);
			name = Frameworks;
			sourceTree = "<group>";
		};
/* End PBXGroup section */

/* Begin PBXNativeTarget section */
		C38504FF1F7A2EF30009B64B /* LCEiTimerDiary */ = {
			isa = PBXNativeTarget;
			buildConfigurationList = C385052F1F7A2EF40009B64B /* Build configuration list for PBXNativeTarget "LCEiTimerDiary" */;
			buildPhases = (
				B4DD253F39178BD866633699 /* [CP] Check Pods Manifest.lock */,
				C38504FC1F7A2EF30009B64B /* Sources */,
				C38504FD1F7A2EF30009B64B /* Frameworks */,
				C38504FE1F7A2EF30009B64B /* Resources */,
				9B101AAE8A625AD2988E7BF1 /* [CP] Embed Pods Frameworks */,
				5762A295F605BCDD0C496837 /* [CP] Copy Pods Resources */,
			);
			buildRules = (
			);
			dependencies = (
			);
			name = LCEiTimerDiary;
			productName = LCEiTimerDiary;
			productReference = C38505001F7A2EF30009B64B /* LCEiTimerDiary.app */;
			productType = "com.apple.product-type.application";
		};
		C385051A1F7A2EF40009B64B /* LCEiTimerDiaryTests */ = {
			isa = PBXNativeTarget;
			buildConfigurationList = C38505321F7A2EF40009B64B /* Build configuration list for PBXNativeTarget "LCEiTimerDiaryTests" */;
			buildPhases = (
				D2A530EEBF4D1FC52C6A5BCF /* [CP] Check Pods Manifest.lock */,
				C38505171F7A2EF40009B64B /* Sources */,
				C38505181F7A2EF40009B64B /* Frameworks */,
				C38505191F7A2EF40009B64B /* Resources */,
				0F1C2343BB5A78CED8187640 /* [CP] Embed Pods Frameworks */,
				0C487AF8F870E9961E71A174 /* [CP] Copy Pods Resources */,
			);
			buildRules = (
			);
			dependencies = (
				C385051D1F7A2EF40009B64B /* PBXTargetDependency */,
			);
			name = LCEiTimerDiaryTests;
			productName = LCEiTimerDiaryTests;
			productReference = C385051B1F7A2EF40009B64B /* LCEiTimerDiaryTests.xctest */;
			productType = "com.apple.product-type.bundle.unit-test";
		};
		C38505251F7A2EF40009B64B /* LCEiTimerDiaryUITests */ = {
			isa = PBXNativeTarget;
			buildConfigurationList = C38505351F7A2EF40009B64B /* Build configuration list for PBXNativeTarget "LCEiTimerDiaryUITests" */;
			buildPhases = (
				778CB637F8DD2F3A82929443 /* [CP] Check Pods Manifest.lock */,
				C38505221F7A2EF40009B64B /* Sources */,
				C38505231F7A2EF40009B64B /* Frameworks */,
				C38505241F7A2EF40009B64B /* Resources */,
				218D21C9572B9C4F0F8E964B /* [CP] Embed Pods Frameworks */,
				9AA39060B975C9A99CB6DA2A /* [CP] Copy Pods Resources */,
			);
			buildRules = (
			);
			dependencies = (
				C38505281F7A2EF40009B64B /* PBXTargetDependency */,
			);
			name = LCEiTimerDiaryUITests;
			productName = LCEiTimerDiaryUITests;
			productReference = C38505261F7A2EF40009B64B /* LCEiTimerDiaryUITests.xctest */;
			productType = "com.apple.product-type.bundle.ui-testing";
		};
/* End PBXNativeTarget section */

/* Begin PBXProject section */
		C38504F81F7A2EF30009B64B /* Project object */ = {
			isa = PBXProject;
			attributes = {
				LastUpgradeCheck = 0900;
				ORGANIZATIONNAME = "妖狐小子";
				TargetAttributes = {
					C38504FF1F7A2EF30009B64B = {
						CreatedOnToolsVersion = 9.0;
						ProvisioningStyle = Automatic;
					};
					C385051A1F7A2EF40009B64B = {
						CreatedOnToolsVersion = 9.0;
						ProvisioningStyle = Automatic;
						TestTargetID = C38504FF1F7A2EF30009B64B;
					};
					C38505251F7A2EF40009B64B = {
						CreatedOnToolsVersion = 9.0;
						ProvisioningStyle = Automatic;
						TestTargetID = C38504FF1F7A2EF30009B64B;
					};
				};
			};
			buildConfigurationList = C38504FB1F7A2EF30009B64B /* Build configuration list for PBXProject "LCEiTimerDiary" */;
			compatibilityVersion = "Xcode 8.0";
			developmentRegion = en;
			hasScannedForEncodings = 0;
			knownRegions = (
				en,
				Base,
			);
			mainGroup = C38504F71F7A2EF30009B64B;
			productRefGroup = C38505011F7A2EF30009B64B /* Products */;
			projectDirPath = "";
			projectRoot = "";
			targets = (
				C38504FF1F7A2EF30009B64B /* LCEiTimerDiary */,
				C385051A1F7A2EF40009B64B /* LCEiTimerDiaryTests */,
				C38505251F7A2EF40009B64B /* LCEiTimerDiaryUITests */,
			);
		};
/* End PBXProject section */

/* Begin PBXResourcesBuildPhase section */
		C38504FE1F7A2EF30009B64B /* Resources */ = {
			isa = PBXResourcesBuildPhase;
			buildActionMask = 2147483647;
			files = (
				C38505101F7A2EF40009B64B /* Assets.xcassets in Resources */,
				C3E1EC421FA95AA3008E3E10 /* LCEMeSettingTableViewCell.xib in Resources */,
				C3DA4FDC1FB05DB1007F9411 /* LCEApply.plist in Resources */,
				C38B1CC91FAD8DC2004FE401 /* Info.plist in Resources */,
				C3DA4FE51FB14421007F9411 /* LCEApplyCollectionViewCell.xib in Resources */,
			);
			runOnlyForDeploymentPostprocessing = 0;
		};
		C38505191F7A2EF40009B64B /* Resources */ = {
			isa = PBXResourcesBuildPhase;
			buildActionMask = 2147483647;
			files = (
			);
			runOnlyForDeploymentPostprocessing = 0;
		};
		C38505241F7A2EF40009B64B /* Resources */ = {
			isa = PBXResourcesBuildPhase;
			buildActionMask = 2147483647;
			files = (
			);
			runOnlyForDeploymentPostprocessing = 0;
		};
/* End PBXResourcesBuildPhase section */

/* Begin PBXShellScriptBuildPhase section */
		0C487AF8F870E9961E71A174 /* [CP] Copy Pods Resources */ = {
			isa = PBXShellScriptBuildPhase;
			buildActionMask = 2147483647;
			files = (
			);
			inputPaths = (
			);
			name = "[CP] Copy Pods Resources";
			outputPaths = (
			);
			runOnlyForDeploymentPostprocessing = 0;
			shellPath = /bin/sh;
			shellScript = "\"${SRCROOT}/Pods/Target Support Files/Pods-LCEiTimerDiaryTests/Pods-LCEiTimerDiaryTests-resources.sh\"\n";
			showEnvVarsInLog = 0;
		};
		0F1C2343BB5A78CED8187640 /* [CP] Embed Pods Frameworks */ = {
			isa = PBXShellScriptBuildPhase;
			buildActionMask = 2147483647;
			files = (
			);
			inputPaths = (
			);
			name = "[CP] Embed Pods Frameworks";
			outputPaths = (
			);
			runOnlyForDeploymentPostprocessing = 0;
			shellPath = /bin/sh;
			shellScript = "\"${SRCROOT}/Pods/Target Support Files/Pods-LCEiTimerDiaryTests/Pods-LCEiTimerDiaryTests-frameworks.sh\"\n";
			showEnvVarsInLog = 0;
		};
		218D21C9572B9C4F0F8E964B /* [CP] Embed Pods Frameworks */ = {
			isa = PBXShellScriptBuildPhase;
			buildActionMask = 2147483647;
			files = (
			);
			inputPaths = (
			);
			name = "[CP] Embed Pods Frameworks";
			outputPaths = (
			);
			runOnlyForDeploymentPostprocessing = 0;
			shellPath = /bin/sh;
			shellScript = "\"${SRCROOT}/Pods/Target Support Files/Pods-LCEiTimerDiaryUITests/Pods-LCEiTimerDiaryUITests-frameworks.sh\"\n";
			showEnvVarsInLog = 0;
		};
		5762A295F605BCDD0C496837 /* [CP] Copy Pods Resources */ = {
			isa = PBXShellScriptBuildPhase;
			buildActionMask = 2147483647;
			files = (
			);
			inputPaths = (
				"${SRCROOT}/Pods/Target Support Files/Pods-LCEiTimerDiary/Pods-LCEiTimerDiary-resources.sh",
				"${PODS_ROOT}/LCProgressHUD/LCProgressHUD/LCProgressHUD.bundle",
				"${PODS_ROOT}/MJRefresh/MJRefresh/MJRefresh.bundle",
			);
			name = "[CP] Copy Pods Resources";
			outputPaths = (
				"${TARGET_BUILD_DIR}/${UNLOCALIZED_RESOURCES_FOLDER_PATH}",
			);
			runOnlyForDeploymentPostprocessing = 0;
			shellPath = /bin/sh;
			shellScript = "\"${SRCROOT}/Pods/Target Support Files/Pods-LCEiTimerDiary/Pods-LCEiTimerDiary-resources.sh\"\n";
			showEnvVarsInLog = 0;
		};
		778CB637F8DD2F3A82929443 /* [CP] Check Pods Manifest.lock */ = {
			isa = PBXShellScriptBuildPhase;
			buildActionMask = 2147483647;
			files = (
			);
			inputPaths = (
				"${PODS_PODFILE_DIR_PATH}/Podfile.lock",
				"${PODS_ROOT}/Manifest.lock",
			);
			name = "[CP] Check Pods Manifest.lock";
			outputPaths = (
				"$(DERIVED_FILE_DIR)/Pods-LCEiTimerDiaryUITests-checkManifestLockResult.txt",
			);
			runOnlyForDeploymentPostprocessing = 0;
			shellPath = /bin/sh;
			shellScript = "diff \"${PODS_PODFILE_DIR_PATH}/Podfile.lock\" \"${PODS_ROOT}/Manifest.lock\" > /dev/null\nif [ $? != 0 ] ; then\n    # print error to STDERR\n    echo \"error: The sandbox is not in sync with the Podfile.lock. Run 'pod install' or update your CocoaPods installation.\" >&2\n    exit 1\nfi\n# This output is used by Xcode 'outputs' to avoid re-running this script phase.\necho \"SUCCESS\" > \"${SCRIPT_OUTPUT_FILE_0}\"\n";
			showEnvVarsInLog = 0;
		};
		9AA39060B975C9A99CB6DA2A /* [CP] Copy Pods Resources */ = {
			isa = PBXShellScriptBuildPhase;
			buildActionMask = 2147483647;
			files = (
			);
			inputPaths = (
			);
			name = "[CP] Copy Pods Resources";
			outputPaths = (
			);
			runOnlyForDeploymentPostprocessing = 0;
			shellPath = /bin/sh;
			shellScript = "\"${SRCROOT}/Pods/Target Support Files/Pods-LCEiTimerDiaryUITests/Pods-LCEiTimerDiaryUITests-resources.sh\"\n";
			showEnvVarsInLog = 0;
		};
		9B101AAE8A625AD2988E7BF1 /* [CP] Embed Pods Frameworks */ = {
			isa = PBXShellScriptBuildPhase;
			buildActionMask = 2147483647;
			files = (
			);
			inputPaths = (
			);
			name = "[CP] Embed Pods Frameworks";
			outputPaths = (
			);
			runOnlyForDeploymentPostprocessing = 0;
			shellPath = /bin/sh;
			shellScript = "\"${SRCROOT}/Pods/Target Support Files/Pods-LCEiTimerDiary/Pods-LCEiTimerDiary-frameworks.sh\"\n";
			showEnvVarsInLog = 0;
		};
		B4DD253F39178BD866633699 /* [CP] Check Pods Manifest.lock */ = {
			isa = PBXShellScriptBuildPhase;
			buildActionMask = 2147483647;
			files = (
			);
			inputPaths = (
				"${PODS_PODFILE_DIR_PATH}/Podfile.lock",
				"${PODS_ROOT}/Manifest.lock",
			);
			name = "[CP] Check Pods Manifest.lock";
			outputPaths = (
				"$(DERIVED_FILE_DIR)/Pods-LCEiTimerDiary-checkManifestLockResult.txt",
			);
			runOnlyForDeploymentPostprocessing = 0;
			shellPath = /bin/sh;
			shellScript = "diff \"${PODS_PODFILE_DIR_PATH}/Podfile.lock\" \"${PODS_ROOT}/Manifest.lock\" > /dev/null\nif [ $? != 0 ] ; then\n    # print error to STDERR\n    echo \"error: The sandbox is not in sync with the Podfile.lock. Run 'pod install' or update your CocoaPods installation.\" >&2\n    exit 1\nfi\n# This output is used by Xcode 'outputs' to avoid re-running this script phase.\necho \"SUCCESS\" > \"${SCRIPT_OUTPUT_FILE_0}\"\n";
			showEnvVarsInLog = 0;
		};
		D2A530EEBF4D1FC52C6A5BCF /* [CP] Check Pods Manifest.lock */ = {
			isa = PBXShellScriptBuildPhase;
			buildActionMask = 2147483647;
			files = (
			);
			inputPaths = (
				"${PODS_PODFILE_DIR_PATH}/Podfile.lock",
				"${PODS_ROOT}/Manifest.lock",
			);
			name = "[CP] Check Pods Manifest.lock";
			outputPaths = (
				"$(DERIVED_FILE_DIR)/Pods-LCEiTimerDiaryTests-checkManifestLockResult.txt",
			);
			runOnlyForDeploymentPostprocessing = 0;
			shellPath = /bin/sh;
			shellScript = "diff \"${PODS_PODFILE_DIR_PATH}/Podfile.lock\" \"${PODS_ROOT}/Manifest.lock\" > /dev/null\nif [ $? != 0 ] ; then\n    # print error to STDERR\n    echo \"error: The sandbox is not in sync with the Podfile.lock. Run 'pod install' or update your CocoaPods installation.\" >&2\n    exit 1\nfi\n# This output is used by Xcode 'outputs' to avoid re-running this script phase.\necho \"SUCCESS\" > \"${SCRIPT_OUTPUT_FILE_0}\"\n";
			showEnvVarsInLog = 0;
		};
/* End PBXShellScriptBuildPhase section */

/* Begin PBXSourcesBuildPhase section */
		C38504FC1F7A2EF30009B64B /* Sources */ = {
			isa = PBXSourcesBuildPhase;
			buildActionMask = 2147483647;
			files = (
				C38B1C6D1FA9ED85004FE401 /* LCEApplyViewController.m in Sources */,
				C38B1CC31FAD8DC2004FE401 /* FSCalendarConstance.m in Sources */,
				C38B1CBA1FAD8DC2004FE401 /* CALayer+FSExtension.m in Sources */,
				C38B1CC01FAD8DC2004FE401 /* FSCalendarAppearance.m in Sources */,
				C38B1CBE1FAD8DC2004FE401 /* FSCalendar.m in Sources */,
				C38B1C971FAD8DA6004FE401 /* SDCycleScrollView.m in Sources */,
				C38B1C941FAD8DA6004FE401 /* TADotView.m in Sources */,
				C359C7681F7A43AF00D9D8BA /* LCEHomeViewController.m in Sources */,
				C38B1CC51FAD8DC2004FE401 /* FSCalendarFlowLayout.m in Sources */,
				C38B1C961FAD8DA6004FE401 /* SDCollectionViewCell.m in Sources */,
				C38B1CD81FAD9427004FE401 /* LCEUserInfo.m in Sources */,
				C38B1CBB1FAD8DC2004FE401 /* FSCalendar+DateTools.m in Sources */,
				C3DA4FE41FB14421007F9411 /* LCEApplyCollectionViewCell.m in Sources */,
				C3598B3C1FC69BA200B0E524 /* LCEAuthManage.m in Sources */,
				C38B1CC21FAD8DC2004FE401 /* FSCalendarCollectionView.m in Sources */,
				C38B1CCF1FAD936A004FE401 /* LCEBaseRequest.m in Sources */,
				C38B1CC61FAD8DC2004FE401 /* FSCalendarHeader.m in Sources */,
				C38505451F7A3A9C0009B64B /* LCEBaseViewController.m in Sources */,
				C3E1EC391FA86AB8008E3E10 /* LCEMeSettingViewController.m in Sources */,
				C38B1C771FAD8CD7004FE401 /* LCEBaseModel.m in Sources */,
				C38B1C931FAD8DA6004FE401 /* TAAnimatedDotView.m in Sources */,
				C385050E1F7A2EF40009B64B /* LCEiTimerDiary.xcdatamodeld in Sources */,
				C38B1CC41FAD8DC2004FE401 /* FSCalendarEventIndicator.m in Sources */,
				C38B1CBF1FAD8DC2004FE401 /* FSCalendarAnimator.m in Sources */,
				C359C7651F7A41EB00D9D8BA /* LCENavigationController.m in Sources */,
				C38B1CD91FAE0745004FE401 /* FSCalendarScopeHandle.m in Sources */,
				C3E1EC361FA85FB5008E3E10 /* UIColor+Hex.m in Sources */,
				C38B1CD01FAD936A004FE401 /* LCEBaseRequestAccessory.m in Sources */,
				C38505161F7A2EF40009B64B /* main.m in Sources */,
				C38B1CBD1FAD8DC2004FE401 /* FSCalendar+IBExtension.m in Sources */,
				C38B1C921FAD8DA6004FE401 /* TAAbstractDotView.m in Sources */,
				C38B1CBC1FAD8DC2004FE401 /* FSCalendar+Deprecated.m in Sources */,
				C3E1EC411FA95AA3008E3E10 /* LCEMeSettingTableViewCell.m in Sources */,
				C38B1CD41FAD93D2004FE401 /* KNBMainConfigModel.m in Sources */,
				C38B1CC81FAD8DC2004FE401 /* FSCalendarStickyHeader.m in Sources */,
				C38B1C981FAD8DA6004FE401 /* UIView+SDExtension.m in Sources */,
				C38B1C951FAD8DA6004FE401 /* TAPageControl.m in Sources */,
				C38B1CC11FAD8DC2004FE401 /* FSCalendarCell.m in Sources */,
				C3DA4FDF1FB060B9007F9411 /* LCESecrecyViewController.m in Sources */,
				C38B1C811FAD8D6C004FE401 /* MTLManagedObjectAdapter.m in Sources */,
				C38B1C801FAD8D6C004FE401 /* EXTRuntimeExtensions.m in Sources */,
				C38B1CCA1FAD8DC2004FE401 /* UIView+FSExtension.m in Sources */,
				C3E1EC2F1FA80F69008E3E10 /* LCEMeViewController.m in Sources */,
				C385058A1F7A3C1E0009B64B /* LCETabBarViewController.m in Sources */,
				C38505051F7A2EF30009B64B /* AppDelegate.m in Sources */,
			);
			runOnlyForDeploymentPostprocessing = 0;
		};
		C38505171F7A2EF40009B64B /* Sources */ = {
			isa = PBXSourcesBuildPhase;
			buildActionMask = 2147483647;
			files = (
				C38505201F7A2EF40009B64B /* LCEiTimerDiaryTests.m in Sources */,
			);
			runOnlyForDeploymentPostprocessing = 0;
		};
		C38505221F7A2EF40009B64B /* Sources */ = {
			isa = PBXSourcesBuildPhase;
			buildActionMask = 2147483647;
			files = (
				C385052B1F7A2EF40009B64B /* LCEiTimerDiaryUITests.m in Sources */,
			);
			runOnlyForDeploymentPostprocessing = 0;
		};
/* End PBXSourcesBuildPhase section */

/* Begin PBXTargetDependency section */
		C385051D1F7A2EF40009B64B /* PBXTargetDependency */ = {
			isa = PBXTargetDependency;
			target = C38504FF1F7A2EF30009B64B /* LCEiTimerDiary */;
			targetProxy = C385051C1F7A2EF40009B64B /* PBXContainerItemProxy */;
		};
		C38505281F7A2EF40009B64B /* PBXTargetDependency */ = {
			isa = PBXTargetDependency;
			target = C38504FF1F7A2EF30009B64B /* LCEiTimerDiary */;
			targetProxy = C38505271F7A2EF40009B64B /* PBXContainerItemProxy */;
		};
/* End PBXTargetDependency section */

/* Begin XCBuildConfiguration section */
		C385052D1F7A2EF40009B64B /* Debug */ = {
			isa = XCBuildConfiguration;
			buildSettings = {
				ALWAYS_SEARCH_USER_PATHS = NO;
				CLANG_ANALYZER_NONNULL = YES;
				CLANG_ANALYZER_NUMBER_OBJECT_CONVERSION = YES_AGGRESSIVE;
				CLANG_CXX_LANGUAGE_STANDARD = "gnu++14";
				CLANG_CXX_LIBRARY = "libc++";
				CLANG_ENABLE_MODULES = YES;
				CLANG_ENABLE_OBJC_ARC = YES;
				CLANG_WARN_BLOCK_CAPTURE_AUTORELEASING = YES;
				CLANG_WARN_BOOL_CONVERSION = YES;
				CLANG_WARN_COMMA = YES;
				CLANG_WARN_CONSTANT_CONVERSION = YES;
				CLANG_WARN_DIRECT_OBJC_ISA_USAGE = YES_ERROR;
				CLANG_WARN_DOCUMENTATION_COMMENTS = YES;
				CLANG_WARN_EMPTY_BODY = YES;
				CLANG_WARN_ENUM_CONVERSION = YES;
				CLANG_WARN_INFINITE_RECURSION = YES;
				CLANG_WARN_INT_CONVERSION = YES;
				CLANG_WARN_NON_LITERAL_NULL_CONVERSION = YES;
				CLANG_WARN_OBJC_LITERAL_CONVERSION = YES;
				CLANG_WARN_OBJC_ROOT_CLASS = YES_ERROR;
				CLANG_WARN_RANGE_LOOP_ANALYSIS = YES;
				CLANG_WARN_STRICT_PROTOTYPES = YES;
				CLANG_WARN_SUSPICIOUS_MOVE = YES;
				CLANG_WARN_UNGUARDED_AVAILABILITY = YES_AGGRESSIVE;
				CLANG_WARN_UNREACHABLE_CODE = YES;
				CLANG_WARN__DUPLICATE_METHOD_MATCH = YES;
				CODE_SIGN_IDENTITY = "iPhone Developer";
				COPY_PHASE_STRIP = NO;
				DEBUG_INFORMATION_FORMAT = dwarf;
				ENABLE_STRICT_OBJC_MSGSEND = YES;
				ENABLE_TESTABILITY = YES;
				GCC_C_LANGUAGE_STANDARD = gnu11;
				GCC_DYNAMIC_NO_PIC = NO;
				GCC_NO_COMMON_BLOCKS = YES;
				GCC_OPTIMIZATION_LEVEL = 0;
				GCC_PREPROCESSOR_DEFINITIONS = (
					"DEBUG=1",
					"$(inherited)",
				);
				GCC_WARN_64_TO_32_BIT_CONVERSION = YES;
				GCC_WARN_ABOUT_RETURN_TYPE = YES_ERROR;
				GCC_WARN_UNDECLARED_SELECTOR = YES;
				GCC_WARN_UNINITIALIZED_AUTOS = YES_AGGRESSIVE;
				GCC_WARN_UNUSED_FUNCTION = YES;
				GCC_WARN_UNUSED_VARIABLE = YES;
				IPHONEOS_DEPLOYMENT_TARGET = 11.0;
				MTL_ENABLE_DEBUG_INFO = YES;
				ONLY_ACTIVE_ARCH = YES;
				SDKROOT = iphoneos;
			};
			name = Debug;
		};
		C385052E1F7A2EF40009B64B /* Release */ = {
			isa = XCBuildConfiguration;
			buildSettings = {
				ALWAYS_SEARCH_USER_PATHS = NO;
				CLANG_ANALYZER_NONNULL = YES;
				CLANG_ANALYZER_NUMBER_OBJECT_CONVERSION = YES_AGGRESSIVE;
				CLANG_CXX_LANGUAGE_STANDARD = "gnu++14";
				CLANG_CXX_LIBRARY = "libc++";
				CLANG_ENABLE_MODULES = YES;
				CLANG_ENABLE_OBJC_ARC = YES;
				CLANG_WARN_BLOCK_CAPTURE_AUTORELEASING = YES;
				CLANG_WARN_BOOL_CONVERSION = YES;
				CLANG_WARN_COMMA = YES;
				CLANG_WARN_CONSTANT_CONVERSION = YES;
				CLANG_WARN_DIRECT_OBJC_ISA_USAGE = YES_ERROR;
				CLANG_WARN_DOCUMENTATION_COMMENTS = YES;
				CLANG_WARN_EMPTY_BODY = YES;
				CLANG_WARN_ENUM_CONVERSION = YES;
				CLANG_WARN_INFINITE_RECURSION = YES;
				CLANG_WARN_INT_CONVERSION = YES;
				CLANG_WARN_NON_LITERAL_NULL_CONVERSION = YES;
				CLANG_WARN_OBJC_LITERAL_CONVERSION = YES;
				CLANG_WARN_OBJC_ROOT_CLASS = YES_ERROR;
				CLANG_WARN_RANGE_LOOP_ANALYSIS = YES;
				CLANG_WARN_STRICT_PROTOTYPES = YES;
				CLANG_WARN_SUSPICIOUS_MOVE = YES;
				CLANG_WARN_UNGUARDED_AVAILABILITY = YES_AGGRESSIVE;
				CLANG_WARN_UNREACHABLE_CODE = YES;
				CLANG_WARN__DUPLICATE_METHOD_MATCH = YES;
				CODE_SIGN_IDENTITY = "iPhone Developer";
				COPY_PHASE_STRIP = NO;
				DEBUG_INFORMATION_FORMAT = "dwarf-with-dsym";
				ENABLE_NS_ASSERTIONS = NO;
				ENABLE_STRICT_OBJC_MSGSEND = YES;
				GCC_C_LANGUAGE_STANDARD = gnu11;
				GCC_NO_COMMON_BLOCKS = YES;
				GCC_WARN_64_TO_32_BIT_CONVERSION = YES;
				GCC_WARN_ABOUT_RETURN_TYPE = YES_ERROR;
				GCC_WARN_UNDECLARED_SELECTOR = YES;
				GCC_WARN_UNINITIALIZED_AUTOS = YES_AGGRESSIVE;
				GCC_WARN_UNUSED_FUNCTION = YES;
				GCC_WARN_UNUSED_VARIABLE = YES;
				IPHONEOS_DEPLOYMENT_TARGET = 11.0;
				MTL_ENABLE_DEBUG_INFO = NO;
				SDKROOT = iphoneos;
				VALIDATE_PRODUCT = YES;
			};
			name = Release;
		};
		C38505301F7A2EF40009B64B /* Debug */ = {
			isa = XCBuildConfiguration;
			baseConfigurationReference = 04CFB8F3E0ED7EB47F42DEC1 /* Pods-LCEiTimerDiary.debug.xcconfig */;
			buildSettings = {
				ASSETCATALOG_COMPILER_APPICON_NAME = AppIcon;
				ASSETCATALOG_COMPILER_LAUNCHIMAGE_NAME = LaunchImage;
				CODE_SIGN_STYLE = Automatic;
				DEVELOPMENT_TEAM = ECZYDYW676;
				GCC_PREFIX_HEADER = "LCEiTimerDiary/Supporting Files/LCEiTimerDiary.pch";
				INFOPLIST_FILE = "LCEiTimerDiary//Supporting Files/Info.plist";
				IPHONEOS_DEPLOYMENT_TARGET = 8.0;
				LD_RUNPATH_SEARCH_PATHS = "$(inherited) @executable_path/Frameworks";
				PRODUCT_BUNDLE_IDENTIFIER = yaohuxiaozi.LCEiTimerDiary;
				PRODUCT_NAME = "$(TARGET_NAME)";
				TARGETED_DEVICE_FAMILY = "1,2";
			};
			name = Debug;
		};
		C38505311F7A2EF40009B64B /* Release */ = {
			isa = XCBuildConfiguration;
			baseConfigurationReference = 92E220514BD85F9D4DF34FC7 /* Pods-LCEiTimerDiary.release.xcconfig */;
			buildSettings = {
				ASSETCATALOG_COMPILER_APPICON_NAME = AppIcon;
				ASSETCATALOG_COMPILER_LAUNCHIMAGE_NAME = LaunchImage;
				CODE_SIGN_STYLE = Automatic;
				DEVELOPMENT_TEAM = ECZYDYW676;
				GCC_PREFIX_HEADER = "LCEiTimerDiary/Supporting Files/LCEiTimerDiary.pch";
				INFOPLIST_FILE = "LCEiTimerDiary//Supporting Files/Info.plist";
				IPHONEOS_DEPLOYMENT_TARGET = 8.0;
				LD_RUNPATH_SEARCH_PATHS = "$(inherited) @executable_path/Frameworks";
				PRODUCT_BUNDLE_IDENTIFIER = yaohuxiaozi.LCEiTimerDiary;
				PRODUCT_NAME = "$(TARGET_NAME)";
				TARGETED_DEVICE_FAMILY = "1,2";
			};
			name = Release;
		};
		C38505331F7A2EF40009B64B /* Debug */ = {
			isa = XCBuildConfiguration;
			baseConfigurationReference = AC943744FD5A3449E02CABCA /* Pods-LCEiTimerDiaryTests.debug.xcconfig */;
			buildSettings = {
				BUNDLE_LOADER = "$(TEST_HOST)";
				CODE_SIGN_STYLE = Automatic;
				DEVELOPMENT_TEAM = ECZYDYW676;
				INFOPLIST_FILE = LCEiTimerDiaryTests/Info.plist;
				LD_RUNPATH_SEARCH_PATHS = "$(inherited) @executable_path/Frameworks @loader_path/Frameworks";
				PRODUCT_BUNDLE_IDENTIFIER = yaohuxiaozi.LCEiTimerDiaryTests;
				PRODUCT_NAME = "$(TARGET_NAME)";
				TARGETED_DEVICE_FAMILY = "1,2";
				TEST_HOST = "$(BUILT_PRODUCTS_DIR)/LCEiTimerDiary.app/LCEiTimerDiary";
			};
			name = Debug;
		};
		C38505341F7A2EF40009B64B /* Release */ = {
			isa = XCBuildConfiguration;
			baseConfigurationReference = C2350190583B73368512AA99 /* Pods-LCEiTimerDiaryTests.release.xcconfig */;
			buildSettings = {
				BUNDLE_LOADER = "$(TEST_HOST)";
				CODE_SIGN_STYLE = Automatic;
				DEVELOPMENT_TEAM = ECZYDYW676;
				INFOPLIST_FILE = LCEiTimerDiaryTests/Info.plist;
				LD_RUNPATH_SEARCH_PATHS = "$(inherited) @executable_path/Frameworks @loader_path/Frameworks";
				PRODUCT_BUNDLE_IDENTIFIER = yaohuxiaozi.LCEiTimerDiaryTests;
				PRODUCT_NAME = "$(TARGET_NAME)";
				TARGETED_DEVICE_FAMILY = "1,2";
				TEST_HOST = "$(BUILT_PRODUCTS_DIR)/LCEiTimerDiary.app/LCEiTimerDiary";
			};
			name = Release;
		};
		C38505361F7A2EF40009B64B /* Debug */ = {
			isa = XCBuildConfiguration;
			baseConfigurationReference = AF97D9A4D51F18AB1E269BEE /* Pods-LCEiTimerDiaryUITests.debug.xcconfig */;
			buildSettings = {
				CODE_SIGN_STYLE = Automatic;
				DEVELOPMENT_TEAM = ECZYDYW676;
				INFOPLIST_FILE = LCEiTimerDiaryUITests/Info.plist;
				LD_RUNPATH_SEARCH_PATHS = "$(inherited) @executable_path/Frameworks @loader_path/Frameworks";
				PRODUCT_BUNDLE_IDENTIFIER = yaohuxiaozi.LCEiTimerDiaryUITests;
				PRODUCT_NAME = "$(TARGET_NAME)";
				TARGETED_DEVICE_FAMILY = "1,2";
				TEST_TARGET_NAME = LCEiTimerDiary;
			};
			name = Debug;
		};
		C38505371F7A2EF40009B64B /* Release */ = {
			isa = XCBuildConfiguration;
			baseConfigurationReference = 7D369D73D99D3DC31D42E31D /* Pods-LCEiTimerDiaryUITests.release.xcconfig */;
			buildSettings = {
				CODE_SIGN_STYLE = Automatic;
				DEVELOPMENT_TEAM = ECZYDYW676;
				INFOPLIST_FILE = LCEiTimerDiaryUITests/Info.plist;
				LD_RUNPATH_SEARCH_PATHS = "$(inherited) @executable_path/Frameworks @loader_path/Frameworks";
				PRODUCT_BUNDLE_IDENTIFIER = yaohuxiaozi.LCEiTimerDiaryUITests;
				PRODUCT_NAME = "$(TARGET_NAME)";
				TARGETED_DEVICE_FAMILY = "1,2";
				TEST_TARGET_NAME = LCEiTimerDiary;
			};
			name = Release;
		};
/* End XCBuildConfiguration section */

/* Begin XCConfigurationList section */
		C38504FB1F7A2EF30009B64B /* Build configuration list for PBXProject "LCEiTimerDiary" */ = {
			isa = XCConfigurationList;
			buildConfigurations = (
				C385052D1F7A2EF40009B64B /* Debug */,
				C385052E1F7A2EF40009B64B /* Release */,
			);
			defaultConfigurationIsVisible = 0;
			defaultConfigurationName = Release;
		};
		C385052F1F7A2EF40009B64B /* Build configuration list for PBXNativeTarget "LCEiTimerDiary" */ = {
			isa = XCConfigurationList;
			buildConfigurations = (
				C38505301F7A2EF40009B64B /* Debug */,
				C38505311F7A2EF40009B64B /* Release */,
			);
			defaultConfigurationIsVisible = 0;
			defaultConfigurationName = Release;
		};
		C38505321F7A2EF40009B64B /* Build configuration list for PBXNativeTarget "LCEiTimerDiaryTests" */ = {
			isa = XCConfigurationList;
			buildConfigurations = (
				C38505331F7A2EF40009B64B /* Debug */,
				C38505341F7A2EF40009B64B /* Release */,
			);
			defaultConfigurationIsVisible = 0;
			defaultConfigurationName = Release;
		};
		C38505351F7A2EF40009B64B /* Build configuration list for PBXNativeTarget "LCEiTimerDiaryUITests" */ = {
			isa = XCConfigurationList;
			buildConfigurations = (
				C38505361F7A2EF40009B64B /* Debug */,
				C38505371F7A2EF40009B64B /* Release */,
			);
			defaultConfigurationIsVisible = 0;
			defaultConfigurationName = Release;
		};
/* End XCConfigurationList section */

/* Begin XCVersionGroup section */
		C385050C1F7A2EF40009B64B /* LCEiTimerDiary.xcdatamodeld */ = {
			isa = XCVersionGroup;
			children = (
				C385050D1F7A2EF40009B64B /* LCEiTimerDiary.xcdatamodel */,
			);
			currentVersion = C385050D1F7A2EF40009B64B /* LCEiTimerDiary.xcdatamodel */;
			path = LCEiTimerDiary.xcdatamodeld;
			sourceTree = "<group>";
			versionGroupType = wrapper.xcdatamodel;
		};
/* End XCVersionGroup section */
	};
	rootObject = C38504F81F7A2EF30009B64B /* Project object */;
}
